// !$*UTF8*$!
{
	archiveVersion = 1;
	classes = {
	};
	objectVersion = 46;
	objects = {

/* Begin PBXBuildFile section */
		248389A288C0A6D7914F0546 /* Pods_LeadKitAdditions_LeadKitAdditions_iOS.framework in Frameworks */ = {isa = PBXBuildFile; fileRef = 0ED4A1B793EAA73C9E95969F /* Pods_LeadKitAdditions_LeadKitAdditions_iOS.framework */; };
		3622F5D620E15DD1009DED94 /* PinLayoutTableViewCell.swift in Sources */ = {isa = PBXBuildFile; fileRef = 67CF05AF206E99DF009A2AB9 /* PinLayoutTableViewCell.swift */; };
		3622F5D720E15DD5009DED94 /* SeparatorTableViewCell.swift in Sources */ = {isa = PBXBuildFile; fileRef = 67C2A41520724BBA000A5682 /* SeparatorTableViewCell.swift */; };
		6760AF1A207268EC00C2BB7E /* PinLayoutCell+DefaultImplementation.swift in Sources */ = {isa = PBXBuildFile; fileRef = 6760AF19207268EC00C2BB7E /* PinLayoutCell+DefaultImplementation.swift */; };
		67779CBC206986390098F024 /* BaseTextFieldViewEvents+Extensions.swift in Sources */ = {isa = PBXBuildFile; fileRef = 67779CBB206986390098F024 /* BaseTextFieldViewEvents+Extensions.swift */; };
		67779CBD206986390098F024 /* BaseTextFieldViewEvents+Extensions.swift in Sources */ = {isa = PBXBuildFile; fileRef = 67779CBB206986390098F024 /* BaseTextFieldViewEvents+Extensions.swift */; };
		678D26AA206935B900B05B93 /* BiometricsService.swift in Sources */ = {isa = PBXBuildFile; fileRef = 678D26A9206935B900B05B93 /* BiometricsService.swift */; };
		67B4E6EB206941CE00E233EA /* BiometricsService.swift in Sources */ = {isa = PBXBuildFile; fileRef = 678D26A9206935B900B05B93 /* BiometricsService.swift */; };
		67B4E6F3206945D200E233EA /* BaseTextFieldViewModel.swift in Sources */ = {isa = PBXBuildFile; fileRef = 67B4E6F1206945D200E233EA /* BaseTextFieldViewModel.swift */; };
		67B4E6F6206945DD00E233EA /* OnlineValidationResult.swift in Sources */ = {isa = PBXBuildFile; fileRef = 67B4E6F5206945DC00E233EA /* OnlineValidationResult.swift */; };
		67B4E6F7206945DD00E233EA /* OnlineValidationResult.swift in Sources */ = {isa = PBXBuildFile; fileRef = 67B4E6F5206945DC00E233EA /* OnlineValidationResult.swift */; };
		67B4E6F9206945F900E233EA /* OnlineValidationState.swift in Sources */ = {isa = PBXBuildFile; fileRef = 67B4E6F8206945F900E233EA /* OnlineValidationState.swift */; };
		67B4E6FA206945F900E233EA /* OnlineValidationState.swift in Sources */ = {isa = PBXBuildFile; fileRef = 67B4E6F8206945F900E233EA /* OnlineValidationState.swift */; };
		67B4E6FB20694A4200E233EA /* BaseTextFieldViewModel.swift in Sources */ = {isa = PBXBuildFile; fileRef = 67B4E6F1206945D200E233EA /* BaseTextFieldViewModel.swift */; };
		67C2A41620724BBA000A5682 /* SeparatorTableViewCell.swift in Sources */ = {isa = PBXBuildFile; fileRef = 67C2A41520724BBA000A5682 /* SeparatorTableViewCell.swift */; };
		67C2A41820724EA0000A5682 /* LabelTableViewCell.swift in Sources */ = {isa = PBXBuildFile; fileRef = 67C2A41720724EA0000A5682 /* LabelTableViewCell.swift */; };
		67C2A41B20724F40000A5682 /* LabelCellViewModel.swift in Sources */ = {isa = PBXBuildFile; fileRef = 67C2A41A20724F40000A5682 /* LabelCellViewModel.swift */; };
		67C2A41D20725359000A5682 /* LabelTableViewCell+Extensions.swift in Sources */ = {isa = PBXBuildFile; fileRef = 67C2A41C20725359000A5682 /* LabelTableViewCell+Extensions.swift */; };
		67CF05AA206E9880009A2AB9 /* PinLayoutCell.swift in Sources */ = {isa = PBXBuildFile; fileRef = 67CF05A9206E9880009A2AB9 /* PinLayoutCell.swift */; };
		67CF05B0206E99DF009A2AB9 /* PinLayoutTableViewCell.swift in Sources */ = {isa = PBXBuildFile; fileRef = 67CF05AF206E99DF009A2AB9 /* PinLayoutTableViewCell.swift */; };
		A6CFB8D91F5024A500A42CC2 /* Error+NetworkingExtensions.swift in Sources */ = {isa = PBXBuildFile; fileRef = A6CFB8D81F5024A500A42CC2 /* Error+NetworkingExtensions.swift */; };
		B326804BA6CC8B8BB136A46A /* Pods_LeadKitAdditions_LeadKitAdditions_iOS_Extensions.framework in Frameworks */ = {isa = PBXBuildFile; fileRef = CFD5627139CAB27705F75C07 /* Pods_LeadKitAdditions_LeadKitAdditions_iOS_Extensions.framework */; };
		CAE698E81E968820000394B0 /* LeadKitAdditions.h in Headers */ = {isa = PBXBuildFile; fileRef = CAE698E61E968820000394B0 /* LeadKitAdditions.h */; settings = {ATTRIBUTES = (Public, ); }; };
		ED0C34051F2906EC00FAE9FD /* BaseDateFormatter.swift in Sources */ = {isa = PBXBuildFile; fileRef = ED0C33D41F2906EC00FAE9FD /* BaseDateFormatter.swift */; };
		ED0C34061F2906EC00FAE9FD /* BaseDateFormatter.swift in Sources */ = {isa = PBXBuildFile; fileRef = ED0C33D41F2906EC00FAE9FD /* BaseDateFormatter.swift */; };
		ED0C34071F2906EC00FAE9FD /* LoadingBarButton.swift in Sources */ = {isa = PBXBuildFile; fileRef = ED0C33D51F2906EC00FAE9FD /* LoadingBarButton.swift */; };
		ED0C34081F2906EC00FAE9FD /* LoadingBarButton.swift in Sources */ = {isa = PBXBuildFile; fileRef = ED0C33D51F2906EC00FAE9FD /* LoadingBarButton.swift */; };
		ED0C34091F2906EC00FAE9FD /* PassCodeConfiguration.swift in Sources */ = {isa = PBXBuildFile; fileRef = ED0C33D91F2906EC00FAE9FD /* PassCodeConfiguration.swift */; };
		ED0C340A1F2906EC00FAE9FD /* PassCodeConfiguration.swift in Sources */ = {isa = PBXBuildFile; fileRef = ED0C33D91F2906EC00FAE9FD /* PassCodeConfiguration.swift */; };
		ED0C340B1F2906EC00FAE9FD /* PassCodeError.swift in Sources */ = {isa = PBXBuildFile; fileRef = ED0C33DA1F2906EC00FAE9FD /* PassCodeError.swift */; };
		ED0C340C1F2906EC00FAE9FD /* PassCodeError.swift in Sources */ = {isa = PBXBuildFile; fileRef = ED0C33DA1F2906EC00FAE9FD /* PassCodeError.swift */; };
		ED0C340D1F2906EC00FAE9FD /* PassCodeHolder.swift in Sources */ = {isa = PBXBuildFile; fileRef = ED0C33DB1F2906EC00FAE9FD /* PassCodeHolder.swift */; };
		ED0C340E1F2906EC00FAE9FD /* PassCodeHolder.swift in Sources */ = {isa = PBXBuildFile; fileRef = ED0C33DB1F2906EC00FAE9FD /* PassCodeHolder.swift */; };
		ED0C340F1F2906EC00FAE9FD /* PassCodeHolderProtocol.swift in Sources */ = {isa = PBXBuildFile; fileRef = ED0C33DC1F2906EC00FAE9FD /* PassCodeHolderProtocol.swift */; };
		ED0C34101F2906EC00FAE9FD /* PassCodeHolderProtocol.swift in Sources */ = {isa = PBXBuildFile; fileRef = ED0C33DC1F2906EC00FAE9FD /* PassCodeHolderProtocol.swift */; };
		ED0C34111F2906EC00FAE9FD /* PassCodeValidationResult.swift in Sources */ = {isa = PBXBuildFile; fileRef = ED0C33DD1F2906EC00FAE9FD /* PassCodeValidationResult.swift */; };
		ED0C34121F2906EC00FAE9FD /* PassCodeValidationResult.swift in Sources */ = {isa = PBXBuildFile; fileRef = ED0C33DD1F2906EC00FAE9FD /* PassCodeValidationResult.swift */; };
		ED0C34131F2906EC00FAE9FD /* BasePassCodeViewController.swift in Sources */ = {isa = PBXBuildFile; fileRef = ED0C33DF1F2906EC00FAE9FD /* BasePassCodeViewController.swift */; };
		ED0C34141F2906EC00FAE9FD /* BasePassCodeViewController.swift in Sources */ = {isa = PBXBuildFile; fileRef = ED0C33DF1F2906EC00FAE9FD /* BasePassCodeViewController.swift */; };
		ED0C34151F2906EC00FAE9FD /* BasePassCodeViewModel.swift in Sources */ = {isa = PBXBuildFile; fileRef = ED0C33E11F2906EC00FAE9FD /* BasePassCodeViewModel.swift */; };
		ED0C34161F2906EC00FAE9FD /* BasePassCodeViewModel.swift in Sources */ = {isa = PBXBuildFile; fileRef = ED0C33E11F2906EC00FAE9FD /* BasePassCodeViewModel.swift */; };
		ED0C341F1F2906EC00FAE9FD /* UIBarButtonItem+Extensions.swift in Sources */ = {isa = PBXBuildFile; fileRef = ED0C33E81F2906EC00FAE9FD /* UIBarButtonItem+Extensions.swift */; };
		ED0C34201F2906EC00FAE9FD /* UIBarButtonItem+Extensions.swift in Sources */ = {isa = PBXBuildFile; fileRef = ED0C33E81F2906EC00FAE9FD /* UIBarButtonItem+Extensions.swift */; };
		ED0C34211F2906EC00FAE9FD /* UserDefaults+UserService.swift in Sources */ = {isa = PBXBuildFile; fileRef = ED0C33E91F2906EC00FAE9FD /* UserDefaults+UserService.swift */; };
		ED0C34221F2906EC00FAE9FD /* UserDefaults+UserService.swift in Sources */ = {isa = PBXBuildFile; fileRef = ED0C33E91F2906EC00FAE9FD /* UserDefaults+UserService.swift */; };
		ED0C342D1F2906EC00FAE9FD /* BasePassCodeService.swift in Sources */ = {isa = PBXBuildFile; fileRef = ED0C33F11F2906EC00FAE9FD /* BasePassCodeService.swift */; };
		ED0C342E1F2906EC00FAE9FD /* BasePassCodeService.swift in Sources */ = {isa = PBXBuildFile; fileRef = ED0C33F11F2906EC00FAE9FD /* BasePassCodeService.swift */; };
		ED0C342F1F2906EC00FAE9FD /* BaseUserService.swift in Sources */ = {isa = PBXBuildFile; fileRef = ED0C33F21F2906EC00FAE9FD /* BaseUserService.swift */; };
		ED0C34301F2906EC00FAE9FD /* BaseUserService.swift in Sources */ = {isa = PBXBuildFile; fileRef = ED0C33F21F2906EC00FAE9FD /* BaseUserService.swift */; };
		ED0C343F1F2906EC00FAE9FD /* ValidationError.swift in Sources */ = {isa = PBXBuildFile; fileRef = ED0C33FC1F2906EC00FAE9FD /* ValidationError.swift */; };
		ED0C34401F2906EC00FAE9FD /* ValidationError.swift in Sources */ = {isa = PBXBuildFile; fileRef = ED0C33FC1F2906EC00FAE9FD /* ValidationError.swift */; };
		ED0C34411F2906EC00FAE9FD /* ValidationItem.swift in Sources */ = {isa = PBXBuildFile; fileRef = ED0C33FD1F2906EC00FAE9FD /* ValidationItem.swift */; };
		ED0C34421F2906EC00FAE9FD /* ValidationItem.swift in Sources */ = {isa = PBXBuildFile; fileRef = ED0C33FD1F2906EC00FAE9FD /* ValidationItem.swift */; };
		ED0C34431F2906EC00FAE9FD /* ValidationService.swift in Sources */ = {isa = PBXBuildFile; fileRef = ED0C33FE1F2906EC00FAE9FD /* ValidationService.swift */; };
		ED0C34441F2906EC00FAE9FD /* ValidationService.swift in Sources */ = {isa = PBXBuildFile; fileRef = ED0C33FE1F2906EC00FAE9FD /* ValidationService.swift */; };
		EF5A43B1206E7A67003CED07 /* PassCodeDelayedDescription.swift in Sources */ = {isa = PBXBuildFile; fileRef = EF5A43B0206E7A67003CED07 /* PassCodeDelayedDescription.swift */; };
		EF5A43B2206E7A67003CED07 /* PassCodeDelayedDescription.swift in Sources */ = {isa = PBXBuildFile; fileRef = EF5A43B0206E7A67003CED07 /* PassCodeDelayedDescription.swift */; };
		EFBD55921EBB9A980062AA63 /* LeadKitAdditions.h in Headers */ = {isa = PBXBuildFile; fileRef = CAE698E61E968820000394B0 /* LeadKitAdditions.h */; settings = {ATTRIBUTES = (Public, ); }; };
/* End PBXBuildFile section */

/* Begin PBXFileReference section */
		01605ECA03749D49C27FA3DD /* Pods-LeadKitAdditions-LeadKitAdditions iOS Extensions.release.xcconfig */ = {isa = PBXFileReference; includeInIndex = 1; lastKnownFileType = text.xcconfig; name = "Pods-LeadKitAdditions-LeadKitAdditions iOS Extensions.release.xcconfig"; path = "Pods/Target Support Files/Pods-LeadKitAdditions-LeadKitAdditions iOS Extensions/Pods-LeadKitAdditions-LeadKitAdditions iOS Extensions.release.xcconfig"; sourceTree = "<group>"; };
		0ED4A1B793EAA73C9E95969F /* Pods_LeadKitAdditions_LeadKitAdditions_iOS.framework */ = {isa = PBXFileReference; explicitFileType = wrapper.framework; includeInIndex = 0; path = Pods_LeadKitAdditions_LeadKitAdditions_iOS.framework; sourceTree = BUILT_PRODUCTS_DIR; };
		49738551AC648B0AFA74E57F /* Pods-LeadKitAdditions-LeadKitAdditions iOS.debug.xcconfig */ = {isa = PBXFileReference; includeInIndex = 1; lastKnownFileType = text.xcconfig; name = "Pods-LeadKitAdditions-LeadKitAdditions iOS.debug.xcconfig"; path = "Pods/Target Support Files/Pods-LeadKitAdditions-LeadKitAdditions iOS/Pods-LeadKitAdditions-LeadKitAdditions iOS.debug.xcconfig"; sourceTree = "<group>"; };
		67528BCE206E3CC6009F2525 /* iOS.playground */ = {isa = PBXFileReference; lastKnownFileType = file.playground; path = iOS.playground; sourceTree = "<group>"; xcLanguageSpecificationIdentifier = xcode.lang.swift; };
		6760AF19207268EC00C2BB7E /* PinLayoutCell+DefaultImplementation.swift */ = {isa = PBXFileReference; lastKnownFileType = sourcecode.swift; path = "PinLayoutCell+DefaultImplementation.swift"; sourceTree = "<group>"; };
		67779CBB206986390098F024 /* BaseTextFieldViewEvents+Extensions.swift */ = {isa = PBXFileReference; lastKnownFileType = sourcecode.swift; path = "BaseTextFieldViewEvents+Extensions.swift"; sourceTree = "<group>"; };
		678D26A9206935B900B05B93 /* BiometricsService.swift */ = {isa = PBXFileReference; fileEncoding = 4; lastKnownFileType = sourcecode.swift; path = BiometricsService.swift; sourceTree = "<group>"; };
		67B4E6F1206945D200E233EA /* BaseTextFieldViewModel.swift */ = {isa = PBXFileReference; fileEncoding = 4; lastKnownFileType = sourcecode.swift; path = BaseTextFieldViewModel.swift; sourceTree = "<group>"; };
		67B4E6F5206945DC00E233EA /* OnlineValidationResult.swift */ = {isa = PBXFileReference; fileEncoding = 4; lastKnownFileType = sourcecode.swift; path = OnlineValidationResult.swift; sourceTree = "<group>"; };
		67B4E6F8206945F900E233EA /* OnlineValidationState.swift */ = {isa = PBXFileReference; fileEncoding = 4; lastKnownFileType = sourcecode.swift; path = OnlineValidationState.swift; sourceTree = "<group>"; };
		67C2A41520724BBA000A5682 /* SeparatorTableViewCell.swift */ = {isa = PBXFileReference; lastKnownFileType = sourcecode.swift; path = SeparatorTableViewCell.swift; sourceTree = "<group>"; };
		67C2A41720724EA0000A5682 /* LabelTableViewCell.swift */ = {isa = PBXFileReference; lastKnownFileType = sourcecode.swift; path = LabelTableViewCell.swift; sourceTree = "<group>"; };
		67C2A41A20724F40000A5682 /* LabelCellViewModel.swift */ = {isa = PBXFileReference; lastKnownFileType = sourcecode.swift; path = LabelCellViewModel.swift; sourceTree = "<group>"; };
		67C2A41C20725359000A5682 /* LabelTableViewCell+Extensions.swift */ = {isa = PBXFileReference; lastKnownFileType = sourcecode.swift; path = "LabelTableViewCell+Extensions.swift"; sourceTree = "<group>"; };
		67CF05A9206E9880009A2AB9 /* PinLayoutCell.swift */ = {isa = PBXFileReference; lastKnownFileType = sourcecode.swift; path = PinLayoutCell.swift; sourceTree = "<group>"; };
		67CF05AF206E99DF009A2AB9 /* PinLayoutTableViewCell.swift */ = {isa = PBXFileReference; lastKnownFileType = sourcecode.swift; path = PinLayoutTableViewCell.swift; sourceTree = "<group>"; };
		7B7F57C5E5275C4D8DC71992 /* Pods_LeadKitAdditions.framework */ = {isa = PBXFileReference; explicitFileType = wrapper.framework; includeInIndex = 0; path = Pods_LeadKitAdditions.framework; sourceTree = BUILT_PRODUCTS_DIR; };
		9D549FA5A7579702358E07DF /* Pods-LeadKitAdditions-LeadKitAdditions iOS Extensions.debug.xcconfig */ = {isa = PBXFileReference; includeInIndex = 1; lastKnownFileType = text.xcconfig; name = "Pods-LeadKitAdditions-LeadKitAdditions iOS Extensions.debug.xcconfig"; path = "Pods/Target Support Files/Pods-LeadKitAdditions-LeadKitAdditions iOS Extensions/Pods-LeadKitAdditions-LeadKitAdditions iOS Extensions.debug.xcconfig"; sourceTree = "<group>"; };
		A6CFB8D81F5024A500A42CC2 /* Error+NetworkingExtensions.swift */ = {isa = PBXFileReference; fileEncoding = 4; lastKnownFileType = sourcecode.swift; path = "Error+NetworkingExtensions.swift"; sourceTree = "<group>"; };
		CAE698E31E968820000394B0 /* LeadKitAdditions.framework */ = {isa = PBXFileReference; explicitFileType = wrapper.framework; includeInIndex = 0; path = LeadKitAdditions.framework; sourceTree = BUILT_PRODUCTS_DIR; };
		CAE698E61E968820000394B0 /* LeadKitAdditions.h */ = {isa = PBXFileReference; lastKnownFileType = sourcecode.c.h; path = LeadKitAdditions.h; sourceTree = "<group>"; };
		CFD5627139CAB27705F75C07 /* Pods_LeadKitAdditions_LeadKitAdditions_iOS_Extensions.framework */ = {isa = PBXFileReference; explicitFileType = wrapper.framework; includeInIndex = 0; path = Pods_LeadKitAdditions_LeadKitAdditions_iOS_Extensions.framework; sourceTree = BUILT_PRODUCTS_DIR; };
		D0AB283D10B2175EFDBF7924 /* Pods-LeadKitAdditions-LeadKitAdditions iOS.release.xcconfig */ = {isa = PBXFileReference; includeInIndex = 1; lastKnownFileType = text.xcconfig; name = "Pods-LeadKitAdditions-LeadKitAdditions iOS.release.xcconfig"; path = "Pods/Target Support Files/Pods-LeadKitAdditions-LeadKitAdditions iOS/Pods-LeadKitAdditions-LeadKitAdditions iOS.release.xcconfig"; sourceTree = "<group>"; };
		ED0C33D41F2906EC00FAE9FD /* BaseDateFormatter.swift */ = {isa = PBXFileReference; fileEncoding = 4; lastKnownFileType = sourcecode.swift; path = BaseDateFormatter.swift; sourceTree = "<group>"; };
		ED0C33D51F2906EC00FAE9FD /* LoadingBarButton.swift */ = {isa = PBXFileReference; fileEncoding = 4; lastKnownFileType = sourcecode.swift; path = LoadingBarButton.swift; sourceTree = "<group>"; };
		ED0C33D91F2906EC00FAE9FD /* PassCodeConfiguration.swift */ = {isa = PBXFileReference; fileEncoding = 4; lastKnownFileType = sourcecode.swift; path = PassCodeConfiguration.swift; sourceTree = "<group>"; };
		ED0C33DA1F2906EC00FAE9FD /* PassCodeError.swift */ = {isa = PBXFileReference; fileEncoding = 4; lastKnownFileType = sourcecode.swift; path = PassCodeError.swift; sourceTree = "<group>"; };
		ED0C33DB1F2906EC00FAE9FD /* PassCodeHolder.swift */ = {isa = PBXFileReference; fileEncoding = 4; lastKnownFileType = sourcecode.swift; path = PassCodeHolder.swift; sourceTree = "<group>"; };
		ED0C33DC1F2906EC00FAE9FD /* PassCodeHolderProtocol.swift */ = {isa = PBXFileReference; fileEncoding = 4; lastKnownFileType = sourcecode.swift; path = PassCodeHolderProtocol.swift; sourceTree = "<group>"; };
		ED0C33DD1F2906EC00FAE9FD /* PassCodeValidationResult.swift */ = {isa = PBXFileReference; fileEncoding = 4; lastKnownFileType = sourcecode.swift; path = PassCodeValidationResult.swift; sourceTree = "<group>"; };
		ED0C33DF1F2906EC00FAE9FD /* BasePassCodeViewController.swift */ = {isa = PBXFileReference; fileEncoding = 4; lastKnownFileType = sourcecode.swift; path = BasePassCodeViewController.swift; sourceTree = "<group>"; };
		ED0C33E11F2906EC00FAE9FD /* BasePassCodeViewModel.swift */ = {isa = PBXFileReference; fileEncoding = 4; lastKnownFileType = sourcecode.swift; path = BasePassCodeViewModel.swift; sourceTree = "<group>"; };
		ED0C33E81F2906EC00FAE9FD /* UIBarButtonItem+Extensions.swift */ = {isa = PBXFileReference; fileEncoding = 4; lastKnownFileType = sourcecode.swift; path = "UIBarButtonItem+Extensions.swift"; sourceTree = "<group>"; };
		ED0C33E91F2906EC00FAE9FD /* UserDefaults+UserService.swift */ = {isa = PBXFileReference; fileEncoding = 4; lastKnownFileType = sourcecode.swift; path = "UserDefaults+UserService.swift"; sourceTree = "<group>"; };
		ED0C33F11F2906EC00FAE9FD /* BasePassCodeService.swift */ = {isa = PBXFileReference; fileEncoding = 4; lastKnownFileType = sourcecode.swift; path = BasePassCodeService.swift; sourceTree = "<group>"; };
		ED0C33F21F2906EC00FAE9FD /* BaseUserService.swift */ = {isa = PBXFileReference; fileEncoding = 4; lastKnownFileType = sourcecode.swift; path = BaseUserService.swift; sourceTree = "<group>"; };
		ED0C33FC1F2906EC00FAE9FD /* ValidationError.swift */ = {isa = PBXFileReference; fileEncoding = 4; lastKnownFileType = sourcecode.swift; path = ValidationError.swift; sourceTree = "<group>"; };
		ED0C33FD1F2906EC00FAE9FD /* ValidationItem.swift */ = {isa = PBXFileReference; fileEncoding = 4; lastKnownFileType = sourcecode.swift; path = ValidationItem.swift; sourceTree = "<group>"; };
		ED0C33FE1F2906EC00FAE9FD /* ValidationService.swift */ = {isa = PBXFileReference; fileEncoding = 4; lastKnownFileType = sourcecode.swift; path = ValidationService.swift; sourceTree = "<group>"; };
		EF5A43B0206E7A67003CED07 /* PassCodeDelayedDescription.swift */ = {isa = PBXFileReference; lastKnownFileType = sourcecode.swift; path = PassCodeDelayedDescription.swift; sourceTree = "<group>"; };
		EFBD55701EBB87100062AA63 /* LeadKitAdditions.framework */ = {isa = PBXFileReference; explicitFileType = wrapper.framework; includeInIndex = 0; path = LeadKitAdditions.framework; sourceTree = BUILT_PRODUCTS_DIR; };
		EFBD55781EBB893F0062AA63 /* Info-iOS-Extensions.plist */ = {isa = PBXFileReference; fileEncoding = 4; lastKnownFileType = text.plist.xml; path = "Info-iOS-Extensions.plist"; sourceTree = "<group>"; };
		EFBD55791EBB893F0062AA63 /* Info-iOS.plist */ = {isa = PBXFileReference; fileEncoding = 4; lastKnownFileType = text.plist.xml; path = "Info-iOS.plist"; sourceTree = "<group>"; };
/* End PBXFileReference section */

/* Begin PBXFrameworksBuildPhase section */
		CAE698DF1E968820000394B0 /* Frameworks */ = {
			isa = PBXFrameworksBuildPhase;
			buildActionMask = 2147483647;
			files = (
				248389A288C0A6D7914F0546 /* Pods_LeadKitAdditions_LeadKitAdditions_iOS.framework in Frameworks */,
			);
			runOnlyForDeploymentPostprocessing = 0;
		};
		EFBD556C1EBB87100062AA63 /* Frameworks */ = {
			isa = PBXFrameworksBuildPhase;
			buildActionMask = 2147483647;
			files = (
				B326804BA6CC8B8BB136A46A /* Pods_LeadKitAdditions_LeadKitAdditions_iOS_Extensions.framework in Frameworks */,
			);
			runOnlyForDeploymentPostprocessing = 0;
		};
/* End PBXFrameworksBuildPhase section */

/* Begin PBXGroup section */
		67528BCB206E3C12009F2525 /* Cells */ = {
			isa = PBXGroup;
			children = (
				67C2A41920724F32000A5682 /* LabelTableViewCell */,
				67CF05AF206E99DF009A2AB9 /* PinLayoutTableViewCell.swift */,
				67C2A41520724BBA000A5682 /* SeparatorTableViewCell.swift */,
			);
			path = Cells;
			sourceTree = "<group>";
		};
		67B4E6F0206945D200E233EA /* BaseTextFieldViewModel */ = {
			isa = PBXGroup;
			children = (
				67B4E6F1206945D200E233EA /* BaseTextFieldViewModel.swift */,
			);
			path = BaseTextFieldViewModel;
			sourceTree = "<group>";
		};
		67B4E6F4206945DC00E233EA /* ValidationService */ = {
			isa = PBXGroup;
			children = (
				67B4E6F5206945DC00E233EA /* OnlineValidationResult.swift */,
			);
			path = ValidationService;
			sourceTree = "<group>";
		};
		67C2A41920724F32000A5682 /* LabelTableViewCell */ = {
			isa = PBXGroup;
			children = (
				67C2A41720724EA0000A5682 /* LabelTableViewCell.swift */,
				67C2A41A20724F40000A5682 /* LabelCellViewModel.swift */,
			);
			path = LabelTableViewCell;
			sourceTree = "<group>";
		};
		67CF05A8206E986A009A2AB9 /* Cells */ = {
			isa = PBXGroup;
			children = (
				67CF05A9206E9880009A2AB9 /* PinLayoutCell.swift */,
			);
			path = Cells;
			sourceTree = "<group>";
		};
		67CF05AC206E9931009A2AB9 /* Cells */ = {
			isa = PBXGroup;
			children = (
				67C2A41C20725359000A5682 /* LabelTableViewCell+Extensions.swift */,
				6760AF19207268EC00C2BB7E /* PinLayoutCell+DefaultImplementation.swift */,
			);
			path = Cells;
			sourceTree = "<group>";
		};
		A3117951840B8B7D2E7A8A80 /* Frameworks */ = {
			isa = PBXGroup;
			children = (
				7B7F57C5E5275C4D8DC71992 /* Pods_LeadKitAdditions.framework */,
				0ED4A1B793EAA73C9E95969F /* Pods_LeadKitAdditions_LeadKitAdditions_iOS.framework */,
				CFD5627139CAB27705F75C07 /* Pods_LeadKitAdditions_LeadKitAdditions_iOS_Extensions.framework */,
			);
			name = Frameworks;
			sourceTree = "<group>";
		};
		CAE698D91E968820000394B0 = {
			isa = PBXGroup;
			children = (
				A3117951840B8B7D2E7A8A80 /* Frameworks */,
				F8A65FEC7C0EB4B93746E50F /* Pods */,
				CAE698E41E968820000394B0 /* Products */,
				CAE698E51E968820000394B0 /* Sources */,
				67528BCE206E3CC6009F2525 /* iOS.playground */,
			);
			sourceTree = "<group>";
		};
		CAE698E41E968820000394B0 /* Products */ = {
			isa = PBXGroup;
			children = (
				CAE698E31E968820000394B0 /* LeadKitAdditions.framework */,
				EFBD55701EBB87100062AA63 /* LeadKitAdditions.framework */,
			);
			name = Products;
			sourceTree = "<group>";
		};
		CAE698E51E968820000394B0 /* Sources */ = {
			isa = PBXGroup;
			children = (
				ED0C33D21F2906EC00FAE9FD /* Classes */,
				ED0C33D61F2906EC00FAE9FD /* Controllers */,
				ED0C33E61F2906EC00FAE9FD /* Extensions */,
				ED0C33EA1F2906EC00FAE9FD /* Protocols */,
				ED0C33F01F2906EC00FAE9FD /* Services */,
				EFBD55781EBB893F0062AA63 /* Info-iOS-Extensions.plist */,
				EFBD55791EBB893F0062AA63 /* Info-iOS.plist */,
				CAE698E61E968820000394B0 /* LeadKitAdditions.h */,
			);
			path = Sources;
			sourceTree = "<group>";
		};
		ED0C33D21F2906EC00FAE9FD /* Classes */ = {
			isa = PBXGroup;
			children = (
				67528BCB206E3C12009F2525 /* Cells */,
				67B4E6F0206945D200E233EA /* BaseTextFieldViewModel */,
				ED0C33D41F2906EC00FAE9FD /* BaseDateFormatter.swift */,
				ED0C33D51F2906EC00FAE9FD /* LoadingBarButton.swift */,
			);
			path = Classes;
			sourceTree = "<group>";
		};
		ED0C33D61F2906EC00FAE9FD /* Controllers */ = {
			isa = PBXGroup;
			children = (
				ED0C33D71F2906EC00FAE9FD /* PassCode */,
			);
			path = Controllers;
			sourceTree = "<group>";
		};
		ED0C33D71F2906EC00FAE9FD /* PassCode */ = {
			isa = PBXGroup;
			children = (
				ED0C33D81F2906EC00FAE9FD /* Model */,
				ED0C33DE1F2906EC00FAE9FD /* View */,
				ED0C33E01F2906EC00FAE9FD /* ViewModel */,
			);
			path = PassCode;
			sourceTree = "<group>";
		};
		ED0C33D81F2906EC00FAE9FD /* Model */ = {
			isa = PBXGroup;
			children = (
				ED0C33D91F2906EC00FAE9FD /* PassCodeConfiguration.swift */,
				EF5A43B0206E7A67003CED07 /* PassCodeDelayedDescription.swift */,
				ED0C33DA1F2906EC00FAE9FD /* PassCodeError.swift */,
				ED0C33DB1F2906EC00FAE9FD /* PassCodeHolder.swift */,
				ED0C33DC1F2906EC00FAE9FD /* PassCodeHolderProtocol.swift */,
				ED0C33DD1F2906EC00FAE9FD /* PassCodeValidationResult.swift */,
			);
			path = Model;
			sourceTree = "<group>";
		};
		ED0C33DE1F2906EC00FAE9FD /* View */ = {
			isa = PBXGroup;
			children = (
				ED0C33DF1F2906EC00FAE9FD /* BasePassCodeViewController.swift */,
			);
			path = View;
			sourceTree = "<group>";
		};
		ED0C33E01F2906EC00FAE9FD /* ViewModel */ = {
			isa = PBXGroup;
			children = (
				ED0C33E11F2906EC00FAE9FD /* BasePassCodeViewModel.swift */,
			);
			path = ViewModel;
			sourceTree = "<group>";
		};
		ED0C33E61F2906EC00FAE9FD /* Extensions */ = {
			isa = PBXGroup;
			children = (
				67CF05AC206E9931009A2AB9 /* Cells */,
				ED0C33E81F2906EC00FAE9FD /* UIBarButtonItem+Extensions.swift */,
				ED0C33E91F2906EC00FAE9FD /* UserDefaults+UserService.swift */,
				A6CFB8D81F5024A500A42CC2 /* Error+NetworkingExtensions.swift */,
				67779CBB206986390098F024 /* BaseTextFieldViewEvents+Extensions.swift */,
			);
			path = Extensions;
			sourceTree = "<group>";
		};
		ED0C33EA1F2906EC00FAE9FD /* Protocols */ = {
			isa = PBXGroup;
			children = (
				67CF05A8206E986A009A2AB9 /* Cells */,
				67B4E6F4206945DC00E233EA /* ValidationService */,
			);
			path = Protocols;
			sourceTree = "<group>";
		};
		ED0C33F01F2906EC00FAE9FD /* Services */ = {
			isa = PBXGroup;
			children = (
				ED0C33FB1F2906EC00FAE9FD /* ValidationService */,
				ED0C33F11F2906EC00FAE9FD /* BasePassCodeService.swift */,
				ED0C33F21F2906EC00FAE9FD /* BaseUserService.swift */,
				678D26A9206935B900B05B93 /* BiometricsService.swift */,
			);
			path = Services;
			sourceTree = "<group>";
		};
		ED0C33FB1F2906EC00FAE9FD /* ValidationService */ = {
			isa = PBXGroup;
			children = (
				67B4E6F8206945F900E233EA /* OnlineValidationState.swift */,
				ED0C33FC1F2906EC00FAE9FD /* ValidationError.swift */,
				ED0C33FD1F2906EC00FAE9FD /* ValidationItem.swift */,
				ED0C33FE1F2906EC00FAE9FD /* ValidationService.swift */,
			);
			path = ValidationService;
			sourceTree = "<group>";
		};
		F8A65FEC7C0EB4B93746E50F /* Pods */ = {
			isa = PBXGroup;
			children = (
				49738551AC648B0AFA74E57F /* Pods-LeadKitAdditions-LeadKitAdditions iOS.debug.xcconfig */,
				D0AB283D10B2175EFDBF7924 /* Pods-LeadKitAdditions-LeadKitAdditions iOS.release.xcconfig */,
				9D549FA5A7579702358E07DF /* Pods-LeadKitAdditions-LeadKitAdditions iOS Extensions.debug.xcconfig */,
				01605ECA03749D49C27FA3DD /* Pods-LeadKitAdditions-LeadKitAdditions iOS Extensions.release.xcconfig */,
			);
			name = Pods;
			sourceTree = "<group>";
		};
/* End PBXGroup section */

/* Begin PBXHeadersBuildPhase section */
		CAE698E01E968820000394B0 /* Headers */ = {
			isa = PBXHeadersBuildPhase;
			buildActionMask = 2147483647;
			files = (
				CAE698E81E968820000394B0 /* LeadKitAdditions.h in Headers */,
			);
			runOnlyForDeploymentPostprocessing = 0;
		};
		EFBD556D1EBB87100062AA63 /* Headers */ = {
			isa = PBXHeadersBuildPhase;
			buildActionMask = 2147483647;
			files = (
				EFBD55921EBB9A980062AA63 /* LeadKitAdditions.h in Headers */,
			);
			runOnlyForDeploymentPostprocessing = 0;
		};
/* End PBXHeadersBuildPhase section */

/* Begin PBXNativeTarget section */
		CAE698E21E968820000394B0 /* LeadKitAdditions iOS */ = {
			isa = PBXNativeTarget;
			buildConfigurationList = CAE698EB1E968820000394B0 /* Build configuration list for PBXNativeTarget "LeadKitAdditions iOS" */;
			buildPhases = (
				E8E82E34792B38EF225575D7 /* [CP] Check Pods Manifest.lock */,
				CAE698DE1E968820000394B0 /* Sources */,
				CAE698DF1E968820000394B0 /* Frameworks */,
				CAE698E01E968820000394B0 /* Headers */,
				CAE698E11E968820000394B0 /* Resources */,
				CAE6990A1E969A7A000394B0 /* Swiftlint */,
			);
			buildRules = (
			);
			dependencies = (
			);
			name = "LeadKitAdditions iOS";
			productName = LeadKitAdditions;
			productReference = CAE698E31E968820000394B0 /* LeadKitAdditions.framework */;
			productType = "com.apple.product-type.framework";
		};
		EFBD556F1EBB87100062AA63 /* LeadKitAdditions iOS Extensions */ = {
			isa = PBXNativeTarget;
			buildConfigurationList = EFBD55751EBB87100062AA63 /* Build configuration list for PBXNativeTarget "LeadKitAdditions iOS Extensions" */;
			buildPhases = (
				1C200FD9213D2207669C4304 /* [CP] Check Pods Manifest.lock */,
				EFBD556B1EBB87100062AA63 /* Sources */,
				EFBD556C1EBB87100062AA63 /* Frameworks */,
				EFBD556D1EBB87100062AA63 /* Headers */,
				EFBD556E1EBB87100062AA63 /* Resources */,
				ED69E7E91F2AD0E000C74895 /* Swiftlint */,
			);
			buildRules = (
			);
			dependencies = (
			);
			name = "LeadKitAdditions iOS Extensions";
			productName = "LeadKitAdditions-iOS-Extensions";
			productReference = EFBD55701EBB87100062AA63 /* LeadKitAdditions.framework */;
			productType = "com.apple.product-type.framework";
		};
/* End PBXNativeTarget section */

/* Begin PBXProject section */
		CAE698DA1E968820000394B0 /* Project object */ = {
			isa = PBXProject;
			attributes = {
				LastUpgradeCheck = 0930;
				ORGANIZATIONNAME = TouchInstinct;
				TargetAttributes = {
					CAE698E21E968820000394B0 = {
						CreatedOnToolsVersion = 8.3;
						LastSwiftMigration = 0900;
						ProvisioningStyle = Manual;
					};
					EFBD556F1EBB87100062AA63 = {
						CreatedOnToolsVersion = 8.3.1;
						ProvisioningStyle = Manual;
					};
				};
			};
			buildConfigurationList = CAE698DD1E968820000394B0 /* Build configuration list for PBXProject "LeadKitAdditions" */;
			compatibilityVersion = "Xcode 3.2";
			developmentRegion = English;
			hasScannedForEncodings = 0;
			knownRegions = (
				en,
			);
			mainGroup = CAE698D91E968820000394B0;
			productRefGroup = CAE698E41E968820000394B0 /* Products */;
			projectDirPath = "";
			projectRoot = "";
			targets = (
				CAE698E21E968820000394B0 /* LeadKitAdditions iOS */,
				EFBD556F1EBB87100062AA63 /* LeadKitAdditions iOS Extensions */,
			);
		};
/* End PBXProject section */

/* Begin PBXResourcesBuildPhase section */
		CAE698E11E968820000394B0 /* Resources */ = {
			isa = PBXResourcesBuildPhase;
			buildActionMask = 2147483647;
			files = (
			);
			runOnlyForDeploymentPostprocessing = 0;
		};
		EFBD556E1EBB87100062AA63 /* Resources */ = {
			isa = PBXResourcesBuildPhase;
			buildActionMask = 2147483647;
			files = (
			);
			runOnlyForDeploymentPostprocessing = 0;
		};
/* End PBXResourcesBuildPhase section */

/* Begin PBXShellScriptBuildPhase section */
		1C200FD9213D2207669C4304 /* [CP] Check Pods Manifest.lock */ = {
			isa = PBXShellScriptBuildPhase;
			buildActionMask = 2147483647;
			files = (
			);
			inputPaths = (
				"${PODS_PODFILE_DIR_PATH}/Podfile.lock",
				"${PODS_ROOT}/Manifest.lock",
			);
			name = "[CP] Check Pods Manifest.lock";
			outputPaths = (
				"$(DERIVED_FILE_DIR)/Pods-LeadKitAdditions-LeadKitAdditions iOS Extensions-checkManifestLockResult.txt",
			);
			runOnlyForDeploymentPostprocessing = 0;
			shellPath = /bin/sh;
			shellScript = "diff \"${PODS_PODFILE_DIR_PATH}/Podfile.lock\" \"${PODS_ROOT}/Manifest.lock\" > /dev/null\nif [ $? != 0 ] ; then\n    # print error to STDERR\n    echo \"error: The sandbox is not in sync with the Podfile.lock. Run 'pod install' or update your CocoaPods installation.\" >&2\n    exit 1\nfi\n# This output is used by Xcode 'outputs' to avoid re-running this script phase.\necho \"SUCCESS\" > \"${SCRIPT_OUTPUT_FILE_0}\"\n";
			showEnvVarsInLog = 0;
		};
		CAE6990A1E969A7A000394B0 /* Swiftlint */ = {
			isa = PBXShellScriptBuildPhase;
			buildActionMask = 2147483647;
			files = (
			);
			inputPaths = (
			);
			name = Swiftlint;
			outputPaths = (
			);
			runOnlyForDeploymentPostprocessing = 0;
			shellPath = /bin/sh;
			shellScript = ". build-scripts/xcode/build_phases/swiftlint.sh Sources";
		};
		E8E82E34792B38EF225575D7 /* [CP] Check Pods Manifest.lock */ = {
			isa = PBXShellScriptBuildPhase;
			buildActionMask = 2147483647;
			files = (
			);
			inputPaths = (
				"${PODS_PODFILE_DIR_PATH}/Podfile.lock",
				"${PODS_ROOT}/Manifest.lock",
			);
			name = "[CP] Check Pods Manifest.lock";
			outputPaths = (
				"$(DERIVED_FILE_DIR)/Pods-LeadKitAdditions-LeadKitAdditions iOS-checkManifestLockResult.txt",
			);
			runOnlyForDeploymentPostprocessing = 0;
			shellPath = /bin/sh;
			shellScript = "diff \"${PODS_PODFILE_DIR_PATH}/Podfile.lock\" \"${PODS_ROOT}/Manifest.lock\" > /dev/null\nif [ $? != 0 ] ; then\n    # print error to STDERR\n    echo \"error: The sandbox is not in sync with the Podfile.lock. Run 'pod install' or update your CocoaPods installation.\" >&2\n    exit 1\nfi\n# This output is used by Xcode 'outputs' to avoid re-running this script phase.\necho \"SUCCESS\" > \"${SCRIPT_OUTPUT_FILE_0}\"\n";
			showEnvVarsInLog = 0;
		};
		ED69E7E91F2AD0E000C74895 /* Swiftlint */ = {
			isa = PBXShellScriptBuildPhase;
			buildActionMask = 2147483647;
			files = (
			);
			inputPaths = (
			);
			name = Swiftlint;
			outputPaths = (
			);
			runOnlyForDeploymentPostprocessing = 0;
			shellPath = /bin/sh;
			shellScript = ". build-scripts/xcode/build_phases/swiftlint.sh Sources";
		};
/* End PBXShellScriptBuildPhase section */

/* Begin PBXSourcesBuildPhase section */
		CAE698DE1E968820000394B0 /* Sources */ = {
			isa = PBXSourcesBuildPhase;
			buildActionMask = 2147483647;
			files = (
				67B4E6FB20694A4200E233EA /* BaseTextFieldViewModel.swift in Sources */,
				ED0C340F1F2906EC00FAE9FD /* PassCodeHolderProtocol.swift in Sources */,
				ED0C343F1F2906EC00FAE9FD /* ValidationError.swift in Sources */,
				ED0C342F1F2906EC00FAE9FD /* BaseUserService.swift in Sources */,
				678D26AA206935B900B05B93 /* BiometricsService.swift in Sources */,
				67C2A41D20725359000A5682 /* LabelTableViewCell+Extensions.swift in Sources */,
				ED0C34411F2906EC00FAE9FD /* ValidationItem.swift in Sources */,
				ED0C341F1F2906EC00FAE9FD /* UIBarButtonItem+Extensions.swift in Sources */,
				67C2A41820724EA0000A5682 /* LabelTableViewCell.swift in Sources */,
				ED0C34091F2906EC00FAE9FD /* PassCodeConfiguration.swift in Sources */,
				EF5A43B1206E7A67003CED07 /* PassCodeDelayedDescription.swift in Sources */,
				67CF05B0206E99DF009A2AB9 /* PinLayoutTableViewCell.swift in Sources */,
				ED0C34131F2906EC00FAE9FD /* BasePassCodeViewController.swift in Sources */,
				67C2A41620724BBA000A5682 /* SeparatorTableViewCell.swift in Sources */,
				ED0C342D1F2906EC00FAE9FD /* BasePassCodeService.swift in Sources */,
				67B4E6F9206945F900E233EA /* OnlineValidationState.swift in Sources */,
				67779CBC206986390098F024 /* BaseTextFieldViewEvents+Extensions.swift in Sources */,
				ED0C340D1F2906EC00FAE9FD /* PassCodeHolder.swift in Sources */,
				67CF05AA206E9880009A2AB9 /* PinLayoutCell.swift in Sources */,
				A6CFB8D91F5024A500A42CC2 /* Error+NetworkingExtensions.swift in Sources */,
				ED0C34071F2906EC00FAE9FD /* LoadingBarButton.swift in Sources */,
				6760AF1A207268EC00C2BB7E /* PinLayoutCell+DefaultImplementation.swift in Sources */,
				ED0C34211F2906EC00FAE9FD /* UserDefaults+UserService.swift in Sources */,
				ED0C34111F2906EC00FAE9FD /* PassCodeValidationResult.swift in Sources */,
				ED0C34051F2906EC00FAE9FD /* BaseDateFormatter.swift in Sources */,
				ED0C34431F2906EC00FAE9FD /* ValidationService.swift in Sources */,
				ED0C340B1F2906EC00FAE9FD /* PassCodeError.swift in Sources */,
				67B4E6F6206945DD00E233EA /* OnlineValidationResult.swift in Sources */,
				67C2A41B20724F40000A5682 /* LabelCellViewModel.swift in Sources */,
				ED0C34151F2906EC00FAE9FD /* BasePassCodeViewModel.swift in Sources */,
			);
			runOnlyForDeploymentPostprocessing = 0;
		};
		EFBD556B1EBB87100062AA63 /* Sources */ = {
			isa = PBXSourcesBuildPhase;
			buildActionMask = 2147483647;
			files = (
				67779CBD206986390098F024 /* BaseTextFieldViewEvents+Extensions.swift in Sources */,
				ED0C34101F2906EC00FAE9FD /* PassCodeHolderProtocol.swift in Sources */,
				ED0C34401F2906EC00FAE9FD /* ValidationError.swift in Sources */,
				3622F5D720E15DD5009DED94 /* SeparatorTableViewCell.swift in Sources */,
				ED0C34301F2906EC00FAE9FD /* BaseUserService.swift in Sources */,
				ED0C34421F2906EC00FAE9FD /* ValidationItem.swift in Sources */,
				ED0C34201F2906EC00FAE9FD /* UIBarButtonItem+Extensions.swift in Sources */,
				ED0C340A1F2906EC00FAE9FD /* PassCodeConfiguration.swift in Sources */,
				67B4E6FA206945F900E233EA /* OnlineValidationState.swift in Sources */,
				67B4E6EB206941CE00E233EA /* BiometricsService.swift in Sources */,
				ED0C34141F2906EC00FAE9FD /* BasePassCodeViewController.swift in Sources */,
				ED0C342E1F2906EC00FAE9FD /* BasePassCodeService.swift in Sources */,
				67B4E6F7206945DD00E233EA /* OnlineValidationResult.swift in Sources */,
				ED0C340E1F2906EC00FAE9FD /* PassCodeHolder.swift in Sources */,
				67B4E6F3206945D200E233EA /* BaseTextFieldViewModel.swift in Sources */,
				ED0C34081F2906EC00FAE9FD /* LoadingBarButton.swift in Sources */,
				ED0C34221F2906EC00FAE9FD /* UserDefaults+UserService.swift in Sources */,
				ED0C34121F2906EC00FAE9FD /* PassCodeValidationResult.swift in Sources */,
				ED0C34061F2906EC00FAE9FD /* BaseDateFormatter.swift in Sources */,
				3622F5D620E15DD1009DED94 /* PinLayoutTableViewCell.swift in Sources */,
				ED0C34441F2906EC00FAE9FD /* ValidationService.swift in Sources */,
				EF5A43B2206E7A67003CED07 /* PassCodeDelayedDescription.swift in Sources */,
				ED0C340C1F2906EC00FAE9FD /* PassCodeError.swift in Sources */,
				ED0C34161F2906EC00FAE9FD /* BasePassCodeViewModel.swift in Sources */,
			);
			runOnlyForDeploymentPostprocessing = 0;
		};
/* End PBXSourcesBuildPhase section */

/* Begin XCBuildConfiguration section */
		CAE698E91E968820000394B0 /* Debug */ = {
			isa = XCBuildConfiguration;
			buildSettings = {
				ALWAYS_SEARCH_USER_PATHS = NO;
				CLANG_ANALYZER_NONNULL = YES;
				CLANG_ANALYZER_NUMBER_OBJECT_CONVERSION = YES_AGGRESSIVE;
				CLANG_CXX_LANGUAGE_STANDARD = "gnu++0x";
				CLANG_CXX_LIBRARY = "libc++";
				CLANG_ENABLE_MODULES = YES;
				CLANG_ENABLE_OBJC_ARC = YES;
				CLANG_WARN_BLOCK_CAPTURE_AUTORELEASING = YES;
				CLANG_WARN_BOOL_CONVERSION = YES;
				CLANG_WARN_COMMA = YES;
				CLANG_WARN_CONSTANT_CONVERSION = YES;
				CLANG_WARN_DEPRECATED_OBJC_IMPLEMENTATIONS = YES;
				CLANG_WARN_DIRECT_OBJC_ISA_USAGE = YES_ERROR;
				CLANG_WARN_DOCUMENTATION_COMMENTS = YES;
				CLANG_WARN_EMPTY_BODY = YES;
				CLANG_WARN_ENUM_CONVERSION = YES;
				CLANG_WARN_INFINITE_RECURSION = YES;
				CLANG_WARN_INT_CONVERSION = YES;
				CLANG_WARN_NON_LITERAL_NULL_CONVERSION = YES;
				CLANG_WARN_OBJC_IMPLICIT_RETAIN_SELF = YES;
				CLANG_WARN_OBJC_LITERAL_CONVERSION = YES;
				CLANG_WARN_OBJC_ROOT_CLASS = YES_ERROR;
				CLANG_WARN_RANGE_LOOP_ANALYSIS = YES;
				CLANG_WARN_STRICT_PROTOTYPES = YES;
				CLANG_WARN_SUSPICIOUS_MOVE = YES;
				CLANG_WARN_UNREACHABLE_CODE = YES;
				CLANG_WARN__DUPLICATE_METHOD_MATCH = YES;
				"CODE_SIGN_IDENTITY[sdk=iphoneos*]" = "iPhone Developer";
				COPY_PHASE_STRIP = NO;
				CURRENT_PROJECT_VERSION = 1;
				DEBUG_INFORMATION_FORMAT = dwarf;
				ENABLE_STRICT_OBJC_MSGSEND = YES;
				ENABLE_TESTABILITY = YES;
				GCC_C_LANGUAGE_STANDARD = gnu99;
				GCC_DYNAMIC_NO_PIC = NO;
				GCC_NO_COMMON_BLOCKS = YES;
				GCC_OPTIMIZATION_LEVEL = 0;
				GCC_PREPROCESSOR_DEFINITIONS = (
					"DEBUG=1",
					"$(inherited)",
				);
				GCC_WARN_64_TO_32_BIT_CONVERSION = YES;
				GCC_WARN_ABOUT_RETURN_TYPE = YES_ERROR;
				GCC_WARN_UNDECLARED_SELECTOR = YES;
				GCC_WARN_UNINITIALIZED_AUTOS = YES_AGGRESSIVE;
				GCC_WARN_UNUSED_FUNCTION = YES;
				GCC_WARN_UNUSED_VARIABLE = YES;
				IPHONEOS_DEPLOYMENT_TARGET = 9.0;
				MTL_ENABLE_DEBUG_INFO = YES;
				ONLY_ACTIVE_ARCH = YES;
				SDKROOT = iphoneos;
				SWIFT_ACTIVE_COMPILATION_CONDITIONS = DEBUG;
				SWIFT_OPTIMIZATION_LEVEL = "-Onone";
				TARGETED_DEVICE_FAMILY = "1,2";
				VERSIONING_SYSTEM = "apple-generic";
				VERSION_INFO_PREFIX = "";
			};
			name = Debug;
		};
		CAE698EA1E968820000394B0 /* Release */ = {
			isa = XCBuildConfiguration;
			buildSettings = {
				ALWAYS_SEARCH_USER_PATHS = NO;
				CLANG_ANALYZER_NONNULL = YES;
				CLANG_ANALYZER_NUMBER_OBJECT_CONVERSION = YES_AGGRESSIVE;
				CLANG_CXX_LANGUAGE_STANDARD = "gnu++0x";
				CLANG_CXX_LIBRARY = "libc++";
				CLANG_ENABLE_MODULES = YES;
				CLANG_ENABLE_OBJC_ARC = YES;
				CLANG_WARN_BLOCK_CAPTURE_AUTORELEASING = YES;
				CLANG_WARN_BOOL_CONVERSION = YES;
				CLANG_WARN_COMMA = YES;
				CLANG_WARN_CONSTANT_CONVERSION = YES;
				CLANG_WARN_DEPRECATED_OBJC_IMPLEMENTATIONS = YES;
				CLANG_WARN_DIRECT_OBJC_ISA_USAGE = YES_ERROR;
				CLANG_WARN_DOCUMENTATION_COMMENTS = YES;
				CLANG_WARN_EMPTY_BODY = YES;
				CLANG_WARN_ENUM_CONVERSION = YES;
				CLANG_WARN_INFINITE_RECURSION = YES;
				CLANG_WARN_INT_CONVERSION = YES;
				CLANG_WARN_NON_LITERAL_NULL_CONVERSION = YES;
				CLANG_WARN_OBJC_IMPLICIT_RETAIN_SELF = YES;
				CLANG_WARN_OBJC_LITERAL_CONVERSION = YES;
				CLANG_WARN_OBJC_ROOT_CLASS = YES_ERROR;
				CLANG_WARN_RANGE_LOOP_ANALYSIS = YES;
				CLANG_WARN_STRICT_PROTOTYPES = YES;
				CLANG_WARN_SUSPICIOUS_MOVE = YES;
				CLANG_WARN_UNREACHABLE_CODE = YES;
				CLANG_WARN__DUPLICATE_METHOD_MATCH = YES;
				"CODE_SIGN_IDENTITY[sdk=iphoneos*]" = "iPhone Developer";
				COPY_PHASE_STRIP = NO;
				CURRENT_PROJECT_VERSION = 1;
				DEBUG_INFORMATION_FORMAT = "dwarf-with-dsym";
				ENABLE_NS_ASSERTIONS = NO;
				ENABLE_STRICT_OBJC_MSGSEND = YES;
				GCC_C_LANGUAGE_STANDARD = gnu99;
				GCC_NO_COMMON_BLOCKS = YES;
				GCC_WARN_64_TO_32_BIT_CONVERSION = YES;
				GCC_WARN_ABOUT_RETURN_TYPE = YES_ERROR;
				GCC_WARN_UNDECLARED_SELECTOR = YES;
				GCC_WARN_UNINITIALIZED_AUTOS = YES_AGGRESSIVE;
				GCC_WARN_UNUSED_FUNCTION = YES;
				GCC_WARN_UNUSED_VARIABLE = YES;
				IPHONEOS_DEPLOYMENT_TARGET = 9.0;
				MTL_ENABLE_DEBUG_INFO = NO;
				SDKROOT = iphoneos;
				SWIFT_OPTIMIZATION_LEVEL = "-Owholemodule";
				TARGETED_DEVICE_FAMILY = "1,2";
				VALIDATE_PRODUCT = YES;
				VERSIONING_SYSTEM = "apple-generic";
				VERSION_INFO_PREFIX = "";
			};
			name = Release;
		};
		CAE698EC1E968820000394B0 /* Debug */ = {
			isa = XCBuildConfiguration;
			baseConfigurationReference = 49738551AC648B0AFA74E57F /* Pods-LeadKitAdditions-LeadKitAdditions iOS.debug.xcconfig */;
			buildSettings = {
				APPLICATION_EXTENSION_API_ONLY = NO;
				CLANG_ENABLE_MODULES = YES;
				CODE_SIGN_IDENTITY = "";
				DEFINES_MODULE = YES;
				DEVELOPMENT_TEAM = "";
				DYLIB_COMPATIBILITY_VERSION = 1;
				DYLIB_CURRENT_VERSION = 1;
				DYLIB_INSTALL_NAME_BASE = "@rpath";
				INFOPLIST_FILE = "$(SRCROOT)/Sources/Info-iOS.plist";
				INSTALL_PATH = "$(LOCAL_LIBRARY_DIR)/Frameworks";
				IPHONEOS_DEPLOYMENT_TARGET = 9.0;
				LD_RUNPATH_SEARCH_PATHS = "$(inherited) @executable_path/Frameworks @loader_path/Frameworks";
				PRODUCT_BUNDLE_IDENTIFIER = "touchinstinct.LeadKitAdditions-iOS";
				PRODUCT_NAME = LeadKitAdditions;
				PROVISIONING_PROFILE_SPECIFIER = "";
				SKIP_INSTALL = YES;
				SWIFT_OPTIMIZATION_LEVEL = "-Onone";
				SWIFT_VERSION = 4.0;
			};
			name = Debug;
		};
		CAE698ED1E968820000394B0 /* Release */ = {
			isa = XCBuildConfiguration;
			baseConfigurationReference = D0AB283D10B2175EFDBF7924 /* Pods-LeadKitAdditions-LeadKitAdditions iOS.release.xcconfig */;
			buildSettings = {
				APPLICATION_EXTENSION_API_ONLY = NO;
				CLANG_ENABLE_MODULES = YES;
				CODE_SIGN_IDENTITY = "";
				DEFINES_MODULE = YES;
				DEVELOPMENT_TEAM = "";
				DYLIB_COMPATIBILITY_VERSION = 1;
				DYLIB_CURRENT_VERSION = 1;
				DYLIB_INSTALL_NAME_BASE = "@rpath";
				INFOPLIST_FILE = "$(SRCROOT)/Sources/Info-iOS.plist";
				INSTALL_PATH = "$(LOCAL_LIBRARY_DIR)/Frameworks";
				IPHONEOS_DEPLOYMENT_TARGET = 9.0;
				LD_RUNPATH_SEARCH_PATHS = "$(inherited) @executable_path/Frameworks @loader_path/Frameworks";
				PRODUCT_BUNDLE_IDENTIFIER = "touchinstinct.LeadKitAdditions-iOS";
				PRODUCT_NAME = LeadKitAdditions;
				PROVISIONING_PROFILE_SPECIFIER = "";
				SKIP_INSTALL = YES;
				SWIFT_VERSION = 4.0;
			};
			name = Release;
		};
		EFBD55761EBB87100062AA63 /* Debug */ = {
			isa = XCBuildConfiguration;
			baseConfigurationReference = 9D549FA5A7579702358E07DF /* Pods-LeadKitAdditions-LeadKitAdditions iOS Extensions.debug.xcconfig */;
			buildSettings = {
				APPLICATION_EXTENSION_API_ONLY = YES;
				CODE_SIGN_IDENTITY = "";
				DEFINES_MODULE = YES;
				DEVELOPMENT_TEAM = "";
				DYLIB_COMPATIBILITY_VERSION = 1;
				DYLIB_CURRENT_VERSION = 1;
				DYLIB_INSTALL_NAME_BASE = "@rpath";
				INFOPLIST_FILE = "$(SRCROOT)/Sources/Info-iOS-Extensions.plist";
				INSTALL_PATH = "$(LOCAL_LIBRARY_DIR)/Frameworks";
				IPHONEOS_DEPLOYMENT_TARGET = 9.0;
				LD_RUNPATH_SEARCH_PATHS = "$(inherited) @executable_path/Frameworks @loader_path/Frameworks";
				PRODUCT_BUNDLE_IDENTIFIER = "touchinstinct.LeadKitAdditions-iOS-Extensions";
				PRODUCT_NAME = LeadKitAdditions;
				PROVISIONING_PROFILE_SPECIFIER = "";
				SKIP_INSTALL = YES;
				SWIFT_ACTIVE_COMPILATION_CONDITIONS = DEBUG;
				SWIFT_VERSION = 4.0;
			};
			name = Debug;
		};
		EFBD55771EBB87100062AA63 /* Release */ = {
			isa = XCBuildConfiguration;
			baseConfigurationReference = 01605ECA03749D49C27FA3DD /* Pods-LeadKitAdditions-LeadKitAdditions iOS Extensions.release.xcconfig */;
			buildSettings = {
				APPLICATION_EXTENSION_API_ONLY = YES;
				CODE_SIGN_IDENTITY = "";
				DEFINES_MODULE = YES;
				DEVELOPMENT_TEAM = "";
				DYLIB_COMPATIBILITY_VERSION = 1;
				DYLIB_CURRENT_VERSION = 1;
				DYLIB_INSTALL_NAME_BASE = "@rpath";
				INFOPLIST_FILE = "$(SRCROOT)/Sources/Info-iOS-Extensions.plist";
				INSTALL_PATH = "$(LOCAL_LIBRARY_DIR)/Frameworks";
				IPHONEOS_DEPLOYMENT_TARGET = 9.0;
				LD_RUNPATH_SEARCH_PATHS = "$(inherited) @executable_path/Frameworks @loader_path/Frameworks";
				PRODUCT_BUNDLE_IDENTIFIER = "touchinstinct.LeadKitAdditions-iOS-Extensions";
				PRODUCT_NAME = LeadKitAdditions;
				PROVISIONING_PROFILE_SPECIFIER = "";
				SKIP_INSTALL = YES;
				SWIFT_ACTIVE_COMPILATION_CONDITIONS = "";
				SWIFT_VERSION = 4.0;
			};
			name = Release;
		};
/* End XCBuildConfiguration section */

/* Begin XCConfigurationList section */
		CAE698DD1E968820000394B0 /* Build configuration list for PBXProject "LeadKitAdditions" */ = {
			isa = XCConfigurationList;
			buildConfigurations = (
				CAE698E91E968820000394B0 /* Debug */,
				CAE698EA1E968820000394B0 /* Release */,
			);
			defaultConfigurationIsVisible = 0;
			defaultConfigurationName = Release;
		};
		CAE698EB1E968820000394B0 /* Build configuration list for PBXNativeTarget "LeadKitAdditions iOS" */ = {
			isa = XCConfigurationList;
			buildConfigurations = (
				CAE698EC1E968820000394B0 /* Debug */,
				CAE698ED1E968820000394B0 /* Release */,
			);
			defaultConfigurationIsVisible = 0;
			defaultConfigurationName = Release;
		};
		EFBD55751EBB87100062AA63 /* Build configuration list for PBXNativeTarget "LeadKitAdditions iOS Extensions" */ = {
			isa = XCConfigurationList;
			buildConfigurations = (
				EFBD55761EBB87100062AA63 /* Debug */,
				EFBD55771EBB87100062AA63 /* Release */,
			);
			defaultConfigurationIsVisible = 0;
			defaultConfigurationName = Release;
		};
/* End XCConfigurationList section */
	};
	rootObject = CAE698DA1E968820000394B0 /* Project object */;
}
