// !$*UTF8*$!
{
	archiveVersion = 1;
	classes = {
	};
	objectVersion = 46;
	objects = {

/* Begin PBXBuildFile section */
		14E3AD49502B3D81264560DB /* Pods_LeadKitAdditions_LeadKitAdditions_iOS.framework in Frameworks */ = {isa = PBXBuildFile; fileRef = 3EDEF7F6C22BB04CBB754C14 /* Pods_LeadKitAdditions_LeadKitAdditions_iOS.framework */; };
		67779CBC206986390098F024 /* BaseTextFieldViewEvents+Extensions.swift in Sources */ = {isa = PBXBuildFile; fileRef = 67779CBB206986390098F024 /* BaseTextFieldViewEvents+Extensions.swift */; };
		678D26AA206935B900B05B93 /* BiometricsService.swift in Sources */ = {isa = PBXBuildFile; fileRef = 678D26A9206935B900B05B93 /* BiometricsService.swift */; };
		67B4E6F6206945DD00E233EA /* OnlineValidationResult.swift in Sources */ = {isa = PBXBuildFile; fileRef = 67B4E6F5206945DC00E233EA /* OnlineValidationResult.swift */; };
		67B4E6F9206945F900E233EA /* OnlineValidationState.swift in Sources */ = {isa = PBXBuildFile; fileRef = 67B4E6F8206945F900E233EA /* OnlineValidationState.swift */; };
		67B4E6FB20694A4200E233EA /* BaseTextFieldViewModel.swift in Sources */ = {isa = PBXBuildFile; fileRef = 67B4E6F1206945D200E233EA /* BaseTextFieldViewModel.swift */; };
		67D6041821627600002DAF5B /* LegacyConfigurableController.swift in Sources */ = {isa = PBXBuildFile; fileRef = 67D6041721627600002DAF5B /* LegacyConfigurableController.swift */; };
		786CBB2F220DD7A70017587F /* RxSwift.framework in Frameworks */ = {isa = PBXBuildFile; fileRef = 786CBB22220DD7A70017587F /* RxSwift.framework */; };
		786CBB30220DD7A70017587F /* Alamofire.framework in Frameworks */ = {isa = PBXBuildFile; fileRef = 786CBB23220DD7A70017587F /* Alamofire.framework */; };
		786CBB31220DD7A70017587F /* TableKit.framework in Frameworks */ = {isa = PBXBuildFile; fileRef = 786CBB24220DD7A70017587F /* TableKit.framework */; };
		786CBB32220DD7A70017587F /* LeadKit.framework in Frameworks */ = {isa = PBXBuildFile; fileRef = 786CBB25220DD7A70017587F /* LeadKit.framework */; };
		786CBB33220DD7A70017587F /* SwiftValidator.framework in Frameworks */ = {isa = PBXBuildFile; fileRef = 786CBB26220DD7A70017587F /* SwiftValidator.framework */; };
		786CBB34220DD7A70017587F /* UIScrollView_InfiniteScroll.framework in Frameworks */ = {isa = PBXBuildFile; fileRef = 786CBB27220DD7A70017587F /* UIScrollView_InfiniteScroll.framework */; };
		786CBB36220DD7A70017587F /* RxAlamofire.framework in Frameworks */ = {isa = PBXBuildFile; fileRef = 786CBB29220DD7A70017587F /* RxAlamofire.framework */; };
		786CBB37220DD7A70017587F /* SwiftDate.framework in Frameworks */ = {isa = PBXBuildFile; fileRef = 786CBB2A220DD7A70017587F /* SwiftDate.framework */; };
		786CBB38220DD7A70017587F /* RxCocoa.framework in Frameworks */ = {isa = PBXBuildFile; fileRef = 786CBB2B220DD7A70017587F /* RxCocoa.framework */; };
		786CBB39220DD7A70017587F /* CryptoSwift.framework in Frameworks */ = {isa = PBXBuildFile; fileRef = 786CBB2C220DD7A70017587F /* CryptoSwift.framework */; };
		786CBB3A220DD7A70017587F /* KeychainAccess.framework in Frameworks */ = {isa = PBXBuildFile; fileRef = 786CBB2D220DD7A70017587F /* KeychainAccess.framework */; };
		A6CFB8D91F5024A500A42CC2 /* Error+NetworkingExtensions.swift in Sources */ = {isa = PBXBuildFile; fileRef = A6CFB8D81F5024A500A42CC2 /* Error+NetworkingExtensions.swift */; };
		CAE698E81E968820000394B0 /* LeadKitAdditions.h in Headers */ = {isa = PBXBuildFile; fileRef = CAE698E61E968820000394B0 /* LeadKitAdditions.h */; settings = {ATTRIBUTES = (Public, ); }; };
		ED0C34071F2906EC00FAE9FD /* LoadingBarButton.swift in Sources */ = {isa = PBXBuildFile; fileRef = ED0C33D51F2906EC00FAE9FD /* LoadingBarButton.swift */; };
		ED0C34091F2906EC00FAE9FD /* PassCodeConfiguration.swift in Sources */ = {isa = PBXBuildFile; fileRef = ED0C33D91F2906EC00FAE9FD /* PassCodeConfiguration.swift */; };
		ED0C340B1F2906EC00FAE9FD /* PassCodeError.swift in Sources */ = {isa = PBXBuildFile; fileRef = ED0C33DA1F2906EC00FAE9FD /* PassCodeError.swift */; };
		ED0C340D1F2906EC00FAE9FD /* PassCodeHolder.swift in Sources */ = {isa = PBXBuildFile; fileRef = ED0C33DB1F2906EC00FAE9FD /* PassCodeHolder.swift */; };
		ED0C340F1F2906EC00FAE9FD /* PassCodeHolderProtocol.swift in Sources */ = {isa = PBXBuildFile; fileRef = ED0C33DC1F2906EC00FAE9FD /* PassCodeHolderProtocol.swift */; };
		ED0C34111F2906EC00FAE9FD /* PassCodeValidationResult.swift in Sources */ = {isa = PBXBuildFile; fileRef = ED0C33DD1F2906EC00FAE9FD /* PassCodeValidationResult.swift */; };
		ED0C34131F2906EC00FAE9FD /* BasePassCodeViewController.swift in Sources */ = {isa = PBXBuildFile; fileRef = ED0C33DF1F2906EC00FAE9FD /* BasePassCodeViewController.swift */; };
		ED0C34151F2906EC00FAE9FD /* BasePassCodeViewModel.swift in Sources */ = {isa = PBXBuildFile; fileRef = ED0C33E11F2906EC00FAE9FD /* BasePassCodeViewModel.swift */; };
		ED0C341F1F2906EC00FAE9FD /* UIBarButtonItem+Extensions.swift in Sources */ = {isa = PBXBuildFile; fileRef = ED0C33E81F2906EC00FAE9FD /* UIBarButtonItem+Extensions.swift */; };
		ED0C34211F2906EC00FAE9FD /* UserDefaults+UserService.swift in Sources */ = {isa = PBXBuildFile; fileRef = ED0C33E91F2906EC00FAE9FD /* UserDefaults+UserService.swift */; };
		ED0C342D1F2906EC00FAE9FD /* BasePassCodeService.swift in Sources */ = {isa = PBXBuildFile; fileRef = ED0C33F11F2906EC00FAE9FD /* BasePassCodeService.swift */; };
		ED0C342F1F2906EC00FAE9FD /* BaseUserService.swift in Sources */ = {isa = PBXBuildFile; fileRef = ED0C33F21F2906EC00FAE9FD /* BaseUserService.swift */; };
		ED0C343F1F2906EC00FAE9FD /* ValidationError.swift in Sources */ = {isa = PBXBuildFile; fileRef = ED0C33FC1F2906EC00FAE9FD /* ValidationError.swift */; };
		ED0C34411F2906EC00FAE9FD /* ValidationItem.swift in Sources */ = {isa = PBXBuildFile; fileRef = ED0C33FD1F2906EC00FAE9FD /* ValidationItem.swift */; };
		ED0C34431F2906EC00FAE9FD /* ValidationService.swift in Sources */ = {isa = PBXBuildFile; fileRef = ED0C33FE1F2906EC00FAE9FD /* ValidationService.swift */; };
		EF5A43B1206E7A67003CED07 /* PassCodeDelayedDescription.swift in Sources */ = {isa = PBXBuildFile; fileRef = EF5A43B0206E7A67003CED07 /* PassCodeDelayedDescription.swift */; };
/* End PBXBuildFile section */

/* Begin PBXFileReference section */
		1AC235099AA10D83D608A253 /* Pods-LeadKitAdditions-LeadKitAdditions iOS.release.xcconfig */ = {isa = PBXFileReference; includeInIndex = 1; lastKnownFileType = text.xcconfig; name = "Pods-LeadKitAdditions-LeadKitAdditions iOS.release.xcconfig"; path = "Target Support Files/Pods-LeadKitAdditions-LeadKitAdditions iOS/Pods-LeadKitAdditions-LeadKitAdditions iOS.release.xcconfig"; sourceTree = "<group>"; };
		3EDEF7F6C22BB04CBB754C14 /* Pods_LeadKitAdditions_LeadKitAdditions_iOS.framework */ = {isa = PBXFileReference; explicitFileType = wrapper.framework; includeInIndex = 0; path = Pods_LeadKitAdditions_LeadKitAdditions_iOS.framework; sourceTree = BUILT_PRODUCTS_DIR; };
		67528BCE206E3CC6009F2525 /* iOS.playground */ = {isa = PBXFileReference; lastKnownFileType = file.playground; path = iOS.playground; sourceTree = "<group>"; xcLanguageSpecificationIdentifier = xcode.lang.swift; };
		67779CBB206986390098F024 /* BaseTextFieldViewEvents+Extensions.swift */ = {isa = PBXFileReference; lastKnownFileType = sourcecode.swift; path = "BaseTextFieldViewEvents+Extensions.swift"; sourceTree = "<group>"; };
		678D26A9206935B900B05B93 /* BiometricsService.swift */ = {isa = PBXFileReference; fileEncoding = 4; lastKnownFileType = sourcecode.swift; path = BiometricsService.swift; sourceTree = "<group>"; };
		67B4E6F1206945D200E233EA /* BaseTextFieldViewModel.swift */ = {isa = PBXFileReference; fileEncoding = 4; lastKnownFileType = sourcecode.swift; path = BaseTextFieldViewModel.swift; sourceTree = "<group>"; };
		67B4E6F5206945DC00E233EA /* OnlineValidationResult.swift */ = {isa = PBXFileReference; fileEncoding = 4; lastKnownFileType = sourcecode.swift; path = OnlineValidationResult.swift; sourceTree = "<group>"; };
		67B4E6F8206945F900E233EA /* OnlineValidationState.swift */ = {isa = PBXFileReference; fileEncoding = 4; lastKnownFileType = sourcecode.swift; path = OnlineValidationState.swift; sourceTree = "<group>"; };
		67D6041721627600002DAF5B /* LegacyConfigurableController.swift */ = {isa = PBXFileReference; lastKnownFileType = sourcecode.swift; path = LegacyConfigurableController.swift; sourceTree = "<group>"; };
		6FEE03727D0B955F00DE8429 /* Pods-LeadKitAdditions-LeadKitAdditions iOS.debug.xcconfig */ = {isa = PBXFileReference; includeInIndex = 1; lastKnownFileType = text.xcconfig; name = "Pods-LeadKitAdditions-LeadKitAdditions iOS.debug.xcconfig"; path = "Target Support Files/Pods-LeadKitAdditions-LeadKitAdditions iOS/Pods-LeadKitAdditions-LeadKitAdditions iOS.debug.xcconfig"; sourceTree = "<group>"; };
		786CBB22220DD7A70017587F /* RxSwift.framework */ = {isa = PBXFileReference; lastKnownFileType = wrapper.framework; name = RxSwift.framework; path = Carthage/Build/iOS/RxSwift.framework; sourceTree = "<group>"; };
		786CBB23220DD7A70017587F /* Alamofire.framework */ = {isa = PBXFileReference; lastKnownFileType = wrapper.framework; name = Alamofire.framework; path = Carthage/Build/iOS/Alamofire.framework; sourceTree = "<group>"; };
		786CBB24220DD7A70017587F /* TableKit.framework */ = {isa = PBXFileReference; lastKnownFileType = wrapper.framework; name = TableKit.framework; path = Carthage/Build/iOS/TableKit.framework; sourceTree = "<group>"; };
		786CBB25220DD7A70017587F /* LeadKit.framework */ = {isa = PBXFileReference; lastKnownFileType = wrapper.framework; name = LeadKit.framework; path = Carthage/Build/iOS/LeadKit.framework; sourceTree = "<group>"; };
		786CBB26220DD7A70017587F /* SwiftValidator.framework */ = {isa = PBXFileReference; lastKnownFileType = wrapper.framework; name = SwiftValidator.framework; path = Carthage/Build/iOS/SwiftValidator.framework; sourceTree = "<group>"; };
		786CBB27220DD7A70017587F /* UIScrollView_InfiniteScroll.framework */ = {isa = PBXFileReference; lastKnownFileType = wrapper.framework; name = UIScrollView_InfiniteScroll.framework; path = Carthage/Build/iOS/UIScrollView_InfiniteScroll.framework; sourceTree = "<group>"; };
		786CBB29220DD7A70017587F /* RxAlamofire.framework */ = {isa = PBXFileReference; lastKnownFileType = wrapper.framework; name = RxAlamofire.framework; path = Carthage/Build/iOS/RxAlamofire.framework; sourceTree = "<group>"; };
		786CBB2A220DD7A70017587F /* SwiftDate.framework */ = {isa = PBXFileReference; lastKnownFileType = wrapper.framework; name = SwiftDate.framework; path = Carthage/Build/iOS/SwiftDate.framework; sourceTree = "<group>"; };
		786CBB2B220DD7A70017587F /* RxCocoa.framework */ = {isa = PBXFileReference; lastKnownFileType = wrapper.framework; name = RxCocoa.framework; path = Carthage/Build/iOS/RxCocoa.framework; sourceTree = "<group>"; };
		786CBB2C220DD7A70017587F /* CryptoSwift.framework */ = {isa = PBXFileReference; lastKnownFileType = wrapper.framework; name = CryptoSwift.framework; path = Carthage/Build/iOS/CryptoSwift.framework; sourceTree = "<group>"; };
		786CBB2D220DD7A70017587F /* KeychainAccess.framework */ = {isa = PBXFileReference; lastKnownFileType = wrapper.framework; name = KeychainAccess.framework; path = Carthage/Build/iOS/KeychainAccess.framework; sourceTree = "<group>"; };
		786CBB2E220DD7A70017587F /* PinLayout.framework */ = {isa = PBXFileReference; lastKnownFileType = wrapper.framework; name = PinLayout.framework; path = Carthage/Build/iOS/PinLayout.framework; sourceTree = "<group>"; };
		A6CFB8D81F5024A500A42CC2 /* Error+NetworkingExtensions.swift */ = {isa = PBXFileReference; fileEncoding = 4; lastKnownFileType = sourcecode.swift; path = "Error+NetworkingExtensions.swift"; sourceTree = "<group>"; };
		CAE698E31E968820000394B0 /* LeadKitAdditions.framework */ = {isa = PBXFileReference; explicitFileType = wrapper.framework; includeInIndex = 0; path = LeadKitAdditions.framework; sourceTree = BUILT_PRODUCTS_DIR; };
		CAE698E61E968820000394B0 /* LeadKitAdditions.h */ = {isa = PBXFileReference; lastKnownFileType = sourcecode.c.h; path = LeadKitAdditions.h; sourceTree = "<group>"; };
		ED0C33D51F2906EC00FAE9FD /* LoadingBarButton.swift */ = {isa = PBXFileReference; fileEncoding = 4; lastKnownFileType = sourcecode.swift; path = LoadingBarButton.swift; sourceTree = "<group>"; };
		ED0C33D91F2906EC00FAE9FD /* PassCodeConfiguration.swift */ = {isa = PBXFileReference; fileEncoding = 4; lastKnownFileType = sourcecode.swift; path = PassCodeConfiguration.swift; sourceTree = "<group>"; };
		ED0C33DA1F2906EC00FAE9FD /* PassCodeError.swift */ = {isa = PBXFileReference; fileEncoding = 4; lastKnownFileType = sourcecode.swift; path = PassCodeError.swift; sourceTree = "<group>"; };
		ED0C33DB1F2906EC00FAE9FD /* PassCodeHolder.swift */ = {isa = PBXFileReference; fileEncoding = 4; lastKnownFileType = sourcecode.swift; path = PassCodeHolder.swift; sourceTree = "<group>"; };
		ED0C33DC1F2906EC00FAE9FD /* PassCodeHolderProtocol.swift */ = {isa = PBXFileReference; fileEncoding = 4; lastKnownFileType = sourcecode.swift; path = PassCodeHolderProtocol.swift; sourceTree = "<group>"; };
		ED0C33DD1F2906EC00FAE9FD /* PassCodeValidationResult.swift */ = {isa = PBXFileReference; fileEncoding = 4; lastKnownFileType = sourcecode.swift; path = PassCodeValidationResult.swift; sourceTree = "<group>"; };
		ED0C33DF1F2906EC00FAE9FD /* BasePassCodeViewController.swift */ = {isa = PBXFileReference; fileEncoding = 4; lastKnownFileType = sourcecode.swift; path = BasePassCodeViewController.swift; sourceTree = "<group>"; };
		ED0C33E11F2906EC00FAE9FD /* BasePassCodeViewModel.swift */ = {isa = PBXFileReference; fileEncoding = 4; lastKnownFileType = sourcecode.swift; path = BasePassCodeViewModel.swift; sourceTree = "<group>"; };
		ED0C33E81F2906EC00FAE9FD /* UIBarButtonItem+Extensions.swift */ = {isa = PBXFileReference; fileEncoding = 4; lastKnownFileType = sourcecode.swift; path = "UIBarButtonItem+Extensions.swift"; sourceTree = "<group>"; };
		ED0C33E91F2906EC00FAE9FD /* UserDefaults+UserService.swift */ = {isa = PBXFileReference; fileEncoding = 4; lastKnownFileType = sourcecode.swift; path = "UserDefaults+UserService.swift"; sourceTree = "<group>"; };
		ED0C33F11F2906EC00FAE9FD /* BasePassCodeService.swift */ = {isa = PBXFileReference; fileEncoding = 4; lastKnownFileType = sourcecode.swift; path = BasePassCodeService.swift; sourceTree = "<group>"; };
		ED0C33F21F2906EC00FAE9FD /* BaseUserService.swift */ = {isa = PBXFileReference; fileEncoding = 4; lastKnownFileType = sourcecode.swift; path = BaseUserService.swift; sourceTree = "<group>"; };
		ED0C33FC1F2906EC00FAE9FD /* ValidationError.swift */ = {isa = PBXFileReference; fileEncoding = 4; lastKnownFileType = sourcecode.swift; path = ValidationError.swift; sourceTree = "<group>"; };
		ED0C33FD1F2906EC00FAE9FD /* ValidationItem.swift */ = {isa = PBXFileReference; fileEncoding = 4; lastKnownFileType = sourcecode.swift; path = ValidationItem.swift; sourceTree = "<group>"; };
		ED0C33FE1F2906EC00FAE9FD /* ValidationService.swift */ = {isa = PBXFileReference; fileEncoding = 4; lastKnownFileType = sourcecode.swift; path = ValidationService.swift; sourceTree = "<group>"; };
		EF5A43B0206E7A67003CED07 /* PassCodeDelayedDescription.swift */ = {isa = PBXFileReference; lastKnownFileType = sourcecode.swift; path = PassCodeDelayedDescription.swift; sourceTree = "<group>"; };
		EFBD55781EBB893F0062AA63 /* Info-iOS-Extensions.plist */ = {isa = PBXFileReference; fileEncoding = 4; lastKnownFileType = text.plist.xml; path = "Info-iOS-Extensions.plist"; sourceTree = "<group>"; };
		EFBD55791EBB893F0062AA63 /* Info-iOS.plist */ = {isa = PBXFileReference; fileEncoding = 4; lastKnownFileType = text.plist.xml; path = "Info-iOS.plist"; sourceTree = "<group>"; };
/* End PBXFileReference section */

/* Begin PBXFrameworksBuildPhase section */
		CAE698DF1E968820000394B0 /* Frameworks */ = {
			isa = PBXFrameworksBuildPhase;
			buildActionMask = 2147483647;
			files = (
				786CBB2F220DD7A70017587F /* RxSwift.framework in Frameworks */,
				786CBB30220DD7A70017587F /* Alamofire.framework in Frameworks */,
				786CBB31220DD7A70017587F /* TableKit.framework in Frameworks */,
				786CBB32220DD7A70017587F /* LeadKit.framework in Frameworks */,
				786CBB33220DD7A70017587F /* SwiftValidator.framework in Frameworks */,
				786CBB34220DD7A70017587F /* UIScrollView_InfiniteScroll.framework in Frameworks */,
				786CBB36220DD7A70017587F /* RxAlamofire.framework in Frameworks */,
				786CBB37220DD7A70017587F /* SwiftDate.framework in Frameworks */,
				786CBB38220DD7A70017587F /* RxCocoa.framework in Frameworks */,
				786CBB39220DD7A70017587F /* CryptoSwift.framework in Frameworks */,
				786CBB3A220DD7A70017587F /* KeychainAccess.framework in Frameworks */,
				14E3AD49502B3D81264560DB /* Pods_LeadKitAdditions_LeadKitAdditions_iOS.framework in Frameworks */,
			);
			runOnlyForDeploymentPostprocessing = 0;
		};
/* End PBXFrameworksBuildPhase section */

/* Begin PBXGroup section */
		67B4E6F0206945D200E233EA /* BaseTextFieldViewModel */ = {
			isa = PBXGroup;
			children = (
				67B4E6F1206945D200E233EA /* BaseTextFieldViewModel.swift */,
			);
			path = BaseTextFieldViewModel;
			sourceTree = "<group>";
		};
		67B4E6F4206945DC00E233EA /* ValidationService */ = {
			isa = PBXGroup;
			children = (
				67B4E6F5206945DC00E233EA /* OnlineValidationResult.swift */,
			);
			path = ValidationService;
			sourceTree = "<group>";
		};
		A3117951840B8B7D2E7A8A80 /* Frameworks */ = {
			isa = PBXGroup;
			children = (
				786CBB23220DD7A70017587F /* Alamofire.framework */,
				786CBB2C220DD7A70017587F /* CryptoSwift.framework */,
				786CBB2D220DD7A70017587F /* KeychainAccess.framework */,
				786CBB25220DD7A70017587F /* LeadKit.framework */,
				786CBB2E220DD7A70017587F /* PinLayout.framework */,
				786CBB29220DD7A70017587F /* RxAlamofire.framework */,
				786CBB2B220DD7A70017587F /* RxCocoa.framework */,
				786CBB22220DD7A70017587F /* RxSwift.framework */,
				786CBB2A220DD7A70017587F /* SwiftDate.framework */,
				786CBB26220DD7A70017587F /* SwiftValidator.framework */,
				786CBB24220DD7A70017587F /* TableKit.framework */,
				786CBB27220DD7A70017587F /* UIScrollView_InfiniteScroll.framework */,
				3EDEF7F6C22BB04CBB754C14 /* Pods_LeadKitAdditions_LeadKitAdditions_iOS.framework */,
			);
			name = Frameworks;
			sourceTree = "<group>";
		};
		CAE698D91E968820000394B0 = {
			isa = PBXGroup;
			children = (
				A3117951840B8B7D2E7A8A80 /* Frameworks */,
				CAE698E41E968820000394B0 /* Products */,
				CAE698E51E968820000394B0 /* Sources */,
				67528BCE206E3CC6009F2525 /* iOS.playground */,
				FBC34E01DAB566B85ED77BAD /* Pods */,
			);
			sourceTree = "<group>";
		};
		CAE698E41E968820000394B0 /* Products */ = {
			isa = PBXGroup;
			children = (
				CAE698E31E968820000394B0 /* LeadKitAdditions.framework */,
			);
			name = Products;
			sourceTree = "<group>";
		};
		CAE698E51E968820000394B0 /* Sources */ = {
			isa = PBXGroup;
			children = (
				ED0C33D21F2906EC00FAE9FD /* Classes */,
				ED0C33D61F2906EC00FAE9FD /* Controllers */,
				ED0C33E61F2906EC00FAE9FD /* Extensions */,
				ED0C33EA1F2906EC00FAE9FD /* Protocols */,
				ED0C33F01F2906EC00FAE9FD /* Services */,
				EFBD55781EBB893F0062AA63 /* Info-iOS-Extensions.plist */,
				EFBD55791EBB893F0062AA63 /* Info-iOS.plist */,
				CAE698E61E968820000394B0 /* LeadKitAdditions.h */,
			);
			path = Sources;
			sourceTree = "<group>";
		};
		ED0C33D21F2906EC00FAE9FD /* Classes */ = {
			isa = PBXGroup;
			children = (
				67B4E6F0206945D200E233EA /* BaseTextFieldViewModel */,
				ED0C33D51F2906EC00FAE9FD /* LoadingBarButton.swift */,
			);
			path = Classes;
			sourceTree = "<group>";
		};
		ED0C33D61F2906EC00FAE9FD /* Controllers */ = {
			isa = PBXGroup;
			children = (
				ED0C33D71F2906EC00FAE9FD /* PassCode */,
			);
			path = Controllers;
			sourceTree = "<group>";
		};
		ED0C33D71F2906EC00FAE9FD /* PassCode */ = {
			isa = PBXGroup;
			children = (
				ED0C33D81F2906EC00FAE9FD /* Model */,
				ED0C33DE1F2906EC00FAE9FD /* View */,
				ED0C33E01F2906EC00FAE9FD /* ViewModel */,
			);
			path = PassCode;
			sourceTree = "<group>";
		};
		ED0C33D81F2906EC00FAE9FD /* Model */ = {
			isa = PBXGroup;
			children = (
				ED0C33D91F2906EC00FAE9FD /* PassCodeConfiguration.swift */,
				EF5A43B0206E7A67003CED07 /* PassCodeDelayedDescription.swift */,
				ED0C33DA1F2906EC00FAE9FD /* PassCodeError.swift */,
				ED0C33DB1F2906EC00FAE9FD /* PassCodeHolder.swift */,
				ED0C33DC1F2906EC00FAE9FD /* PassCodeHolderProtocol.swift */,
				ED0C33DD1F2906EC00FAE9FD /* PassCodeValidationResult.swift */,
			);
			path = Model;
			sourceTree = "<group>";
		};
		ED0C33DE1F2906EC00FAE9FD /* View */ = {
			isa = PBXGroup;
			children = (
				ED0C33DF1F2906EC00FAE9FD /* BasePassCodeViewController.swift */,
			);
			path = View;
			sourceTree = "<group>";
		};
		ED0C33E01F2906EC00FAE9FD /* ViewModel */ = {
			isa = PBXGroup;
			children = (
				ED0C33E11F2906EC00FAE9FD /* BasePassCodeViewModel.swift */,
			);
			path = ViewModel;
			sourceTree = "<group>";
		};
		ED0C33E61F2906EC00FAE9FD /* Extensions */ = {
			isa = PBXGroup;
			children = (
				ED0C33E81F2906EC00FAE9FD /* UIBarButtonItem+Extensions.swift */,
				ED0C33E91F2906EC00FAE9FD /* UserDefaults+UserService.swift */,
				A6CFB8D81F5024A500A42CC2 /* Error+NetworkingExtensions.swift */,
				67779CBB206986390098F024 /* BaseTextFieldViewEvents+Extensions.swift */,
			);
			path = Extensions;
			sourceTree = "<group>";
		};
		ED0C33EA1F2906EC00FAE9FD /* Protocols */ = {
			isa = PBXGroup;
			children = (
				67B4E6F4206945DC00E233EA /* ValidationService */,
				67D6041721627600002DAF5B /* LegacyConfigurableController.swift */,
			);
			path = Protocols;
			sourceTree = "<group>";
		};
		ED0C33F01F2906EC00FAE9FD /* Services */ = {
			isa = PBXGroup;
			children = (
				ED0C33FB1F2906EC00FAE9FD /* ValidationService */,
				ED0C33F11F2906EC00FAE9FD /* BasePassCodeService.swift */,
				ED0C33F21F2906EC00FAE9FD /* BaseUserService.swift */,
				678D26A9206935B900B05B93 /* BiometricsService.swift */,
			);
			path = Services;
			sourceTree = "<group>";
		};
		ED0C33FB1F2906EC00FAE9FD /* ValidationService */ = {
			isa = PBXGroup;
			children = (
				67B4E6F8206945F900E233EA /* OnlineValidationState.swift */,
				ED0C33FC1F2906EC00FAE9FD /* ValidationError.swift */,
				ED0C33FD1F2906EC00FAE9FD /* ValidationItem.swift */,
				ED0C33FE1F2906EC00FAE9FD /* ValidationService.swift */,
			);
			path = ValidationService;
			sourceTree = "<group>";
		};
		FBC34E01DAB566B85ED77BAD /* Pods */ = {
			isa = PBXGroup;
			children = (
				6FEE03727D0B955F00DE8429 /* Pods-LeadKitAdditions-LeadKitAdditions iOS.debug.xcconfig */,
				1AC235099AA10D83D608A253 /* Pods-LeadKitAdditions-LeadKitAdditions iOS.release.xcconfig */,
			);
			path = Pods;
			sourceTree = "<group>";
		};
/* End PBXGroup section */

/* Begin PBXHeadersBuildPhase section */
		CAE698E01E968820000394B0 /* Headers */ = {
			isa = PBXHeadersBuildPhase;
			buildActionMask = 2147483647;
			files = (
				CAE698E81E968820000394B0 /* LeadKitAdditions.h in Headers */,
			);
			runOnlyForDeploymentPostprocessing = 0;
		};
/* End PBXHeadersBuildPhase section */

/* Begin PBXNativeTarget section */
		CAE698E21E968820000394B0 /* LeadKitAdditions iOS */ = {
			isa = PBXNativeTarget;
			buildConfigurationList = CAE698EB1E968820000394B0 /* Build configuration list for PBXNativeTarget "LeadKitAdditions iOS" */;
			buildPhases = (
				DA96E76177E2633117FCBE55 /* [CP] Check Pods Manifest.lock */,
				CAE698DE1E968820000394B0 /* Sources */,
				CAE698DF1E968820000394B0 /* Frameworks */,
				CAE698E01E968820000394B0 /* Headers */,
				CAE698E11E968820000394B0 /* Resources */,
				CAE6990A1E969A7A000394B0 /* Swiftlint */,
			);
			buildRules = (
			);
			dependencies = (
			);
			name = "LeadKitAdditions iOS";
			productName = LeadKitAdditions;
			productReference = CAE698E31E968820000394B0 /* LeadKitAdditions.framework */;
			productType = "com.apple.product-type.framework";
		};
/* End PBXNativeTarget section */

/* Begin PBXProject section */
		CAE698DA1E968820000394B0 /* Project object */ = {
			isa = PBXProject;
			attributes = {
				LastUpgradeCheck = 1020;
				ORGANIZATIONNAME = TouchInstinct;
				TargetAttributes = {
					CAE698E21E968820000394B0 = {
						CreatedOnToolsVersion = 8.3;
						LastSwiftMigration = 1020;
						ProvisioningStyle = Manual;
					};
				};
			};
			buildConfigurationList = CAE698DD1E968820000394B0 /* Build configuration list for PBXProject "LeadKitAdditions" */;
			compatibilityVersion = "Xcode 3.2";
			developmentRegion = en;
			hasScannedForEncodings = 0;
			knownRegions = (
				en,
				Base,
			);
			mainGroup = CAE698D91E968820000394B0;
			productRefGroup = CAE698E41E968820000394B0 /* Products */;
			projectDirPath = "";
			projectRoot = "";
			targets = (
				CAE698E21E968820000394B0 /* LeadKitAdditions iOS */,
			);
		};
/* End PBXProject section */

/* Begin PBXResourcesBuildPhase section */
		CAE698E11E968820000394B0 /* Resources */ = {
			isa = PBXResourcesBuildPhase;
			buildActionMask = 2147483647;
			files = (
			);
			runOnlyForDeploymentPostprocessing = 0;
		};
/* End PBXResourcesBuildPhase section */

/* Begin PBXShellScriptBuildPhase section */
		CAE6990A1E969A7A000394B0 /* Swiftlint */ = {
			isa = PBXShellScriptBuildPhase;
			buildActionMask = 2147483647;
			files = (
			);
			inputPaths = (
			);
			name = Swiftlint;
			outputPaths = (
			);
			runOnlyForDeploymentPostprocessing = 0;
			shellPath = /bin/sh;
			shellScript = ". run_swiftlint.sh\n";
		};
		DA96E76177E2633117FCBE55 /* [CP] Check Pods Manifest.lock */ = {
			isa = PBXShellScriptBuildPhase;
			buildActionMask = 2147483647;
			files = (
			);
			inputFileListPaths = (
			);
			inputPaths = (
				"${PODS_PODFILE_DIR_PATH}/Podfile.lock",
				"${PODS_ROOT}/Manifest.lock",
			);
			name = "[CP] Check Pods Manifest.lock";
			outputFileListPaths = (
			);
			outputPaths = (
				"$(DERIVED_FILE_DIR)/Pods-LeadKitAdditions-LeadKitAdditions iOS-checkManifestLockResult.txt",
			);
			runOnlyForDeploymentPostprocessing = 0;
			shellPath = /bin/sh;
			shellScript = "diff \"${PODS_PODFILE_DIR_PATH}/Podfile.lock\" \"${PODS_ROOT}/Manifest.lock\" > /dev/null\nif [ $? != 0 ] ; then\n    # print error to STDERR\n    echo \"error: The sandbox is not in sync with the Podfile.lock. Run 'pod install' or update your CocoaPods installation.\" >&2\n    exit 1\nfi\n# This output is used by Xcode 'outputs' to avoid re-running this script phase.\necho \"SUCCESS\" > \"${SCRIPT_OUTPUT_FILE_0}\"\n";
			showEnvVarsInLog = 0;
		};
/* End PBXShellScriptBuildPhase section */

/* Begin PBXSourcesBuildPhase section */
		CAE698DE1E968820000394B0 /* Sources */ = {
			isa = PBXSourcesBuildPhase;
			buildActionMask = 2147483647;
			files = (
				67D6041821627600002DAF5B /* LegacyConfigurableController.swift in Sources */,
				67B4E6FB20694A4200E233EA /* BaseTextFieldViewModel.swift in Sources */,
				ED0C340F1F2906EC00FAE9FD /* PassCodeHolderProtocol.swift in Sources */,
				ED0C343F1F2906EC00FAE9FD /* ValidationError.swift in Sources */,
				ED0C342F1F2906EC00FAE9FD /* BaseUserService.swift in Sources */,
				678D26AA206935B900B05B93 /* BiometricsService.swift in Sources */,
				ED0C34411F2906EC00FAE9FD /* ValidationItem.swift in Sources */,
				ED0C341F1F2906EC00FAE9FD /* UIBarButtonItem+Extensions.swift in Sources */,
				ED0C34091F2906EC00FAE9FD /* PassCodeConfiguration.swift in Sources */,
				EF5A43B1206E7A67003CED07 /* PassCodeDelayedDescription.swift in Sources */,
				ED0C34131F2906EC00FAE9FD /* BasePassCodeViewController.swift in Sources */,
				ED0C342D1F2906EC00FAE9FD /* BasePassCodeService.swift in Sources */,
				67B4E6F9206945F900E233EA /* OnlineValidationState.swift in Sources */,
				67779CBC206986390098F024 /* BaseTextFieldViewEvents+Extensions.swift in Sources */,
				ED0C340D1F2906EC00FAE9FD /* PassCodeHolder.swift in Sources */,
				A6CFB8D91F5024A500A42CC2 /* Error+NetworkingExtensions.swift in Sources */,
				ED0C34071F2906EC00FAE9FD /* LoadingBarButton.swift in Sources */,
				ED0C34211F2906EC00FAE9FD /* UserDefaults+UserService.swift in Sources */,
				ED0C34111F2906EC00FAE9FD /* PassCodeValidationResult.swift in Sources */,
				ED0C34431F2906EC00FAE9FD /* ValidationService.swift in Sources */,
				ED0C340B1F2906EC00FAE9FD /* PassCodeError.swift in Sources */,
				67B4E6F6206945DD00E233EA /* OnlineValidationResult.swift in Sources */,
				ED0C34151F2906EC00FAE9FD /* BasePassCodeViewModel.swift in Sources */,
			);
			runOnlyForDeploymentPostprocessing = 0;
		};
/* End PBXSourcesBuildPhase section */

/* Begin XCBuildConfiguration section */
		CAE698E91E968820000394B0 /* Debug */ = {
			isa = XCBuildConfiguration;
			buildSettings = {
				ALWAYS_SEARCH_USER_PATHS = NO;
				CLANG_ANALYZER_LOCALIZABILITY_NONLOCALIZED = YES;
				CLANG_ANALYZER_NONNULL = YES;
				CLANG_ANALYZER_NUMBER_OBJECT_CONVERSION = YES_AGGRESSIVE;
				CLANG_CXX_LANGUAGE_STANDARD = "gnu++0x";
				CLANG_CXX_LIBRARY = "libc++";
				CLANG_ENABLE_MODULES = YES;
				CLANG_ENABLE_OBJC_ARC = YES;
				CLANG_WARN_BLOCK_CAPTURE_AUTORELEASING = YES;
				CLANG_WARN_BOOL_CONVERSION = YES;
				CLANG_WARN_COMMA = YES;
				CLANG_WARN_CONSTANT_CONVERSION = YES;
				CLANG_WARN_DEPRECATED_OBJC_IMPLEMENTATIONS = YES;
				CLANG_WARN_DIRECT_OBJC_ISA_USAGE = YES_ERROR;
				CLANG_WARN_DOCUMENTATION_COMMENTS = YES;
				CLANG_WARN_EMPTY_BODY = YES;
				CLANG_WARN_ENUM_CONVERSION = YES;
				CLANG_WARN_INFINITE_RECURSION = YES;
				CLANG_WARN_INT_CONVERSION = YES;
				CLANG_WARN_NON_LITERAL_NULL_CONVERSION = YES;
				CLANG_WARN_OBJC_IMPLICIT_RETAIN_SELF = YES;
				CLANG_WARN_OBJC_LITERAL_CONVERSION = YES;
				CLANG_WARN_OBJC_ROOT_CLASS = YES_ERROR;
				CLANG_WARN_RANGE_LOOP_ANALYSIS = YES;
				CLANG_WARN_STRICT_PROTOTYPES = YES;
				CLANG_WARN_SUSPICIOUS_MOVE = YES;
				CLANG_WARN_UNREACHABLE_CODE = YES;
				CLANG_WARN__DUPLICATE_METHOD_MATCH = YES;
				"CODE_SIGN_IDENTITY[sdk=iphoneos*]" = "iPhone Developer";
				COPY_PHASE_STRIP = NO;
				CURRENT_PROJECT_VERSION = 1;
				DEBUG_INFORMATION_FORMAT = dwarf;
				ENABLE_STRICT_OBJC_MSGSEND = YES;
				ENABLE_TESTABILITY = YES;
				GCC_C_LANGUAGE_STANDARD = gnu99;
				GCC_DYNAMIC_NO_PIC = NO;
				GCC_NO_COMMON_BLOCKS = YES;
				GCC_OPTIMIZATION_LEVEL = 0;
				GCC_PREPROCESSOR_DEFINITIONS = (
					"DEBUG=1",
					"$(inherited)",
				);
				GCC_WARN_64_TO_32_BIT_CONVERSION = YES;
				GCC_WARN_ABOUT_RETURN_TYPE = YES_ERROR;
				GCC_WARN_UNDECLARED_SELECTOR = YES;
				GCC_WARN_UNINITIALIZED_AUTOS = YES_AGGRESSIVE;
				GCC_WARN_UNUSED_FUNCTION = YES;
				GCC_WARN_UNUSED_VARIABLE = YES;
				IPHONEOS_DEPLOYMENT_TARGET = 9.0;
				MTL_ENABLE_DEBUG_INFO = YES;
				ONLY_ACTIVE_ARCH = YES;
				SDKROOT = iphoneos;
				SWIFT_ACTIVE_COMPILATION_CONDITIONS = DEBUG;
				SWIFT_OPTIMIZATION_LEVEL = "-Onone";
				TARGETED_DEVICE_FAMILY = "1,2";
				VERSIONING_SYSTEM = "apple-generic";
				VERSION_INFO_PREFIX = "";
			};
			name = Debug;
		};
		CAE698EA1E968820000394B0 /* Release */ = {
			isa = XCBuildConfiguration;
			buildSettings = {
				ALWAYS_SEARCH_USER_PATHS = NO;
				CLANG_ANALYZER_LOCALIZABILITY_NONLOCALIZED = YES;
				CLANG_ANALYZER_NONNULL = YES;
				CLANG_ANALYZER_NUMBER_OBJECT_CONVERSION = YES_AGGRESSIVE;
				CLANG_CXX_LANGUAGE_STANDARD = "gnu++0x";
				CLANG_CXX_LIBRARY = "libc++";
				CLANG_ENABLE_MODULES = YES;
				CLANG_ENABLE_OBJC_ARC = YES;
				CLANG_WARN_BLOCK_CAPTURE_AUTORELEASING = YES;
				CLANG_WARN_BOOL_CONVERSION = YES;
				CLANG_WARN_COMMA = YES;
				CLANG_WARN_CONSTANT_CONVERSION = YES;
				CLANG_WARN_DEPRECATED_OBJC_IMPLEMENTATIONS = YES;
				CLANG_WARN_DIRECT_OBJC_ISA_USAGE = YES_ERROR;
				CLANG_WARN_DOCUMENTATION_COMMENTS = YES;
				CLANG_WARN_EMPTY_BODY = YES;
				CLANG_WARN_ENUM_CONVERSION = YES;
				CLANG_WARN_INFINITE_RECURSION = YES;
				CLANG_WARN_INT_CONVERSION = YES;
				CLANG_WARN_NON_LITERAL_NULL_CONVERSION = YES;
				CLANG_WARN_OBJC_IMPLICIT_RETAIN_SELF = YES;
				CLANG_WARN_OBJC_LITERAL_CONVERSION = YES;
				CLANG_WARN_OBJC_ROOT_CLASS = YES_ERROR;
				CLANG_WARN_RANGE_LOOP_ANALYSIS = YES;
				CLANG_WARN_STRICT_PROTOTYPES = YES;
				CLANG_WARN_SUSPICIOUS_MOVE = YES;
				CLANG_WARN_UNREACHABLE_CODE = YES;
				CLANG_WARN__DUPLICATE_METHOD_MATCH = YES;
				"CODE_SIGN_IDENTITY[sdk=iphoneos*]" = "iPhone Developer";
				COPY_PHASE_STRIP = NO;
				CURRENT_PROJECT_VERSION = 1;
				DEBUG_INFORMATION_FORMAT = "dwarf-with-dsym";
				ENABLE_NS_ASSERTIONS = NO;
				ENABLE_STRICT_OBJC_MSGSEND = YES;
				GCC_C_LANGUAGE_STANDARD = gnu99;
				GCC_NO_COMMON_BLOCKS = YES;
				GCC_WARN_64_TO_32_BIT_CONVERSION = YES;
				GCC_WARN_ABOUT_RETURN_TYPE = YES_ERROR;
				GCC_WARN_UNDECLARED_SELECTOR = YES;
				GCC_WARN_UNINITIALIZED_AUTOS = YES_AGGRESSIVE;
				GCC_WARN_UNUSED_FUNCTION = YES;
				GCC_WARN_UNUSED_VARIABLE = YES;
				IPHONEOS_DEPLOYMENT_TARGET = 9.0;
				MTL_ENABLE_DEBUG_INFO = NO;
				SDKROOT = iphoneos;
				SWIFT_OPTIMIZATION_LEVEL = "-Owholemodule";
				TARGETED_DEVICE_FAMILY = "1,2";
				VALIDATE_PRODUCT = YES;
				VERSIONING_SYSTEM = "apple-generic";
				VERSION_INFO_PREFIX = "";
			};
			name = Release;
		};
		CAE698EC1E968820000394B0 /* Debug */ = {
			isa = XCBuildConfiguration;
			baseConfigurationReference = 6FEE03727D0B955F00DE8429 /* Pods-LeadKitAdditions-LeadKitAdditions iOS.debug.xcconfig */;
			buildSettings = {
				APPLICATION_EXTENSION_API_ONLY = YES;
				CLANG_ENABLE_MODULES = YES;
				CODE_SIGN_IDENTITY = "";
				DEFINES_MODULE = YES;
				DEVELOPMENT_TEAM = "";
				DYLIB_COMPATIBILITY_VERSION = 1;
				DYLIB_CURRENT_VERSION = 1;
				DYLIB_INSTALL_NAME_BASE = "@rpath";
				INFOPLIST_FILE = "$(SRCROOT)/Sources/Info-iOS.plist";
				INSTALL_PATH = "$(LOCAL_LIBRARY_DIR)/Frameworks";
				IPHONEOS_DEPLOYMENT_TARGET = 10.0;
				LD_RUNPATH_SEARCH_PATHS = "$(inherited) @executable_path/Frameworks @loader_path/Frameworks";
				PRODUCT_BUNDLE_IDENTIFIER = "touchinstinct.LeadKitAdditions-iOS";
				PRODUCT_NAME = LeadKitAdditions;
				PROVISIONING_PROFILE_SPECIFIER = "";
				SKIP_INSTALL = YES;
				SWIFT_OPTIMIZATION_LEVEL = "-Onone";
				SWIFT_VERSION = 5.0;
			};
			name = Debug;
		};
		CAE698ED1E968820000394B0 /* Release */ = {
			isa = XCBuildConfiguration;
			baseConfigurationReference = 1AC235099AA10D83D608A253 /* Pods-LeadKitAdditions-LeadKitAdditions iOS.release.xcconfig */;
			buildSettings = {
				APPLICATION_EXTENSION_API_ONLY = YES;
				CLANG_ENABLE_MODULES = YES;
				CODE_SIGN_IDENTITY = "";
				DEFINES_MODULE = YES;
				DEVELOPMENT_TEAM = "";
				DYLIB_COMPATIBILITY_VERSION = 1;
				DYLIB_CURRENT_VERSION = 1;
				DYLIB_INSTALL_NAME_BASE = "@rpath";
				INFOPLIST_FILE = "$(SRCROOT)/Sources/Info-iOS.plist";
				INSTALL_PATH = "$(LOCAL_LIBRARY_DIR)/Frameworks";
				IPHONEOS_DEPLOYMENT_TARGET = 10.0;
				LD_RUNPATH_SEARCH_PATHS = "$(inherited) @executable_path/Frameworks @loader_path/Frameworks";
				PRODUCT_BUNDLE_IDENTIFIER = "touchinstinct.LeadKitAdditions-iOS";
				PRODUCT_NAME = LeadKitAdditions;
				PROVISIONING_PROFILE_SPECIFIER = "";
				SKIP_INSTALL = YES;
				SWIFT_VERSION = 5.0;
			};
			name = Release;
		};
/* End XCBuildConfiguration section */

/* Begin XCConfigurationList section */
		CAE698DD1E968820000394B0 /* Build configuration list for PBXProject "LeadKitAdditions" */ = {
			isa = XCConfigurationList;
			buildConfigurations = (
				CAE698E91E968820000394B0 /* Debug */,
				CAE698EA1E968820000394B0 /* Release */,
			);
			defaultConfigurationIsVisible = 0;
			defaultConfigurationName = Release;
		};
		CAE698EB1E968820000394B0 /* Build configuration list for PBXNativeTarget "LeadKitAdditions iOS" */ = {
			isa = XCConfigurationList;
			buildConfigurations = (
				CAE698EC1E968820000394B0 /* Debug */,
				CAE698ED1E968820000394B0 /* Release */,
			);
			defaultConfigurationIsVisible = 0;
			defaultConfigurationName = Release;
		};
/* End XCConfigurationList section */
	};
	rootObject = CAE698DA1E968820000394B0 /* Project object */;
}
