PODS:
  - Alamofire (4.8.2)
  - CryptoSwift (0.9.0)
  - KeychainAccess (3.1.0)
  - LeadKit (0.9.24):
    - LeadKit/Core (= 0.9.24)
  - LeadKit/Core (0.9.24):
    - RxAlamofire (~> 4)
    - RxCocoa (~> 4)
    - RxSwift (~> 4)
    - SnapKit (~> 4.0.0)
    - SwiftDate (~> 6)
    - TableKit (~> 2.8)
    - UIScrollView-InfiniteScroll (~> 1.1.0)
  - PinLayout (1.8.6)
  - RxAlamofire (4.4.1):
    - RxAlamofire/Core (= 4.4.1)
  - RxAlamofire/Core (4.4.1):
    - Alamofire (~> 4.8)
    - RxSwift (~> 4.5)
  - RxCocoa (4.5.0):
    - RxSwift (>= 4.4.2, ~> 4.4)
  - RxSwift (4.5.0)
  - SnapKit (4.0.1)
  - SwiftDate (6.0.3)
  - SwiftLint (0.27.0)
  - SwiftValidator (4.0.2)
  - TableKit (2.9.0)
  - UIScrollView-InfiniteScroll (1.1.0)

DEPENDENCIES:
  - CryptoSwift (~> 0.9.0)
  - KeychainAccess (= 3.1.0)
  - LeadKit (~> 0.9.0)
  - PinLayout (~> 1.6)
  - SwiftLint (~> 0.25)
  - SwiftValidator (= 4.0.2)

SPEC REPOS:
  https://github.com/cocoapods/specs.git:
    - Alamofire
    - CryptoSwift
    - KeychainAccess
    - PinLayout
    - RxAlamofire
    - RxCocoa
    - RxSwift
    - SnapKit
    - SwiftDate
    - SwiftLint
    - TableKit
    - UIScrollView-InfiniteScroll
  https://github.com/TouchInstinct/Podspecs.git:
    - LeadKit
    - SwiftValidator

SPEC CHECKSUMS:
  Alamofire: ae5c501addb7afdbb13687d7f2f722c78734c2d3
  CryptoSwift: bca8c5b653dcc2d9734409242a070ff53bafac86
  KeychainAccess: 94c5540b32eabf7bc32bfb976a268e8ea05fd6da
  LeadKit: 22f3e6c8f43f0dfd650e472d84e9bb01b1cc676e
  PinLayout: fe2a2432d6982588e208572005c941aeeae417ab
  RxAlamofire: ed65f451f5a9a59419b0b9e705043dc01410edd9
  RxCocoa: cbf70265dc65a981d4ac982e513c10cf23df24a0
  RxSwift: f172070dfd1a93d70a9ab97a5a01166206e1c575
  SnapKit: 0de968a9fec17499afa29683b05d0c775b6d1c29
  SwiftDate: 8d4f14bf1ef68e95094511504856547bf9e3e1a6
  SwiftLint: 3207c1faa2240bf8973b191820a116113cd11073
  SwiftValidator: 8517a67bceebd7286cb487da259db7dd44c5fc74
  TableKit: 2271557382915c5d8f25883044047a8568ab6400
  UIScrollView-InfiniteScroll: 3ef456bcbe759c19f510a383cff96e6647c98c98

PODFILE CHECKSUM: 050f7087ca075934f6ddc668300799f9d0887b56

COCOAPODS: 1.6.1
